// !$*UTF8*$!
{
	archiveVersion = 1;
	classes = {
	};
	objectVersion = 55;
	objects = {

/* Begin PBXBuildFile section */
		79BBF694289AB50B0003FAD8 /* AppDelegate.swift in Sources */ = {isa = PBXBuildFile; fileRef = 79BBF693289AB50B0003FAD8 /* AppDelegate.swift */; };
		79BBF696289AB50B0003FAD8 /* SceneDelegate.swift in Sources */ = {isa = PBXBuildFile; fileRef = 79BBF695289AB50B0003FAD8 /* SceneDelegate.swift */; };
		79BBF698289AB50B0003FAD8 /* ViewController.swift in Sources */ = {isa = PBXBuildFile; fileRef = 79BBF697289AB50B0003FAD8 /* ViewController.swift */; };
		79BBF69B289AB50B0003FAD8 /* Main.storyboard in Resources */ = {isa = PBXBuildFile; fileRef = 79BBF699289AB50B0003FAD8 /* Main.storyboard */; };
		79BBF69D289AB50D0003FAD8 /* Assets.xcassets in Resources */ = {isa = PBXBuildFile; fileRef = 79BBF69C289AB50D0003FAD8 /* Assets.xcassets */; };
		79BBF6A0289AB50D0003FAD8 /* LaunchScreen.storyboard in Resources */ = {isa = PBXBuildFile; fileRef = 79BBF69E289AB50D0003FAD8 /* LaunchScreen.storyboard */; };
		7E5BF64228A23A5400B6DD26 /* WorkoutModel.swift in Sources */ = {isa = PBXBuildFile; fileRef = 7E5BF64128A23A5400B6DD26 /* WorkoutModel.swift */; };
		7E5BF64428A2450900B6DD26 /* TodaysWorkoutCell.swift in Sources */ = {isa = PBXBuildFile; fileRef = 7E5BF64328A2450900B6DD26 /* TodaysWorkoutCell.swift */; };
		7E9A47C2289D4774005B98B4 /* Workout.storyboard in Resources */ = {isa = PBXBuildFile; fileRef = 7E9A47C1289D4774005B98B4 /* Workout.storyboard */; };
		7E9A47C4289D478A005B98B4 /* WorkoutViewController.swift in Sources */ = {isa = PBXBuildFile; fileRef = 7E9A47C3289D478A005B98B4 /* WorkoutViewController.swift */; };
		7ED2F78D289E481300DAEEC9 /* WorkoutAdd.storyboard in Resources */ = {isa = PBXBuildFile; fileRef = 7ED2F78C289E481300DAEEC9 /* WorkoutAdd.storyboard */; };
		7ED2F78F289E482600DAEEC9 /* WorkoutAddViewController.swift in Sources */ = {isa = PBXBuildFile; fileRef = 7ED2F78E289E482600DAEEC9 /* WorkoutAddViewController.swift */; };
		7ED2F798289E524500DAEEC9 /* WorkoutAddTwoTableViewCell.swift in Sources */ = {isa = PBXBuildFile; fileRef = 7ED2F796289E524500DAEEC9 /* WorkoutAddTwoTableViewCell.swift */; };
		7ED2F799289E524500DAEEC9 /* WorkoutAddTwoTableViewCell.xib in Resources */ = {isa = PBXBuildFile; fileRef = 7ED2F797289E524500DAEEC9 /* WorkoutAddTwoTableViewCell.xib */; };
		7ED2F7AC289EA12100DAEEC9 /* WorkoutAddOneTableViewCell.swift in Sources */ = {isa = PBXBuildFile; fileRef = 7ED2F7AA289EA12100DAEEC9 /* WorkoutAddOneTableViewCell.swift */; };
		7ED2F7AD289EA12100DAEEC9 /* WorkoutAddOneTableViewCell.xib in Resources */ = {isa = PBXBuildFile; fileRef = 7ED2F7AB289EA12100DAEEC9 /* WorkoutAddOneTableViewCell.xib */; };
		7ED2F7B0289EAC2000DAEEC9 /* WorkoutAddPlusTableViewCell.swift in Sources */ = {isa = PBXBuildFile; fileRef = 7ED2F7AE289EAC2000DAEEC9 /* WorkoutAddPlusTableViewCell.swift */; };
		7ED2F7B1289EAC2000DAEEC9 /* WorkoutAddPlusTableViewCell.xib in Resources */ = {isa = PBXBuildFile; fileRef = 7ED2F7AF289EAC2000DAEEC9 /* WorkoutAddPlusTableViewCell.xib */; };
		7ED2F7B4289EB4F600DAEEC9 /* WorkoutAddCalorieTableViewCell.swift in Sources */ = {isa = PBXBuildFile; fileRef = 7ED2F7B2289EB4F600DAEEC9 /* WorkoutAddCalorieTableViewCell.swift */; };
		7ED2F7B5289EB4F600DAEEC9 /* WorkoutAddCalorieTableViewCell.xib in Resources */ = {isa = PBXBuildFile; fileRef = 7ED2F7B3289EB4F600DAEEC9 /* WorkoutAddCalorieTableViewCell.xib */; };
		7ED2F7B7289ED9A700DAEEC9 /* DailyCalendarCell.swift in Sources */ = {isa = PBXBuildFile; fileRef = 7ED2F7B6289ED9A700DAEEC9 /* DailyCalendarCell.swift */; };
		7ED2F7BA289EDE0E00DAEEC9 /* UIColor.swift in Sources */ = {isa = PBXBuildFile; fileRef = 7ED2F7B9289EDE0E00DAEEC9 /* UIColor.swift */; };
/* End PBXBuildFile section */

/* Begin PBXFileReference section */
		79BBF690289AB50B0003FAD8 /* ChungSungChungSung.app */ = {isa = PBXFileReference; explicitFileType = wrapper.application; includeInIndex = 0; path = ChungSungChungSung.app; sourceTree = BUILT_PRODUCTS_DIR; };
		79BBF693289AB50B0003FAD8 /* AppDelegate.swift */ = {isa = PBXFileReference; lastKnownFileType = sourcecode.swift; path = AppDelegate.swift; sourceTree = "<group>"; };
		79BBF695289AB50B0003FAD8 /* SceneDelegate.swift */ = {isa = PBXFileReference; lastKnownFileType = sourcecode.swift; path = SceneDelegate.swift; sourceTree = "<group>"; };
		79BBF697289AB50B0003FAD8 /* ViewController.swift */ = {isa = PBXFileReference; lastKnownFileType = sourcecode.swift; path = ViewController.swift; sourceTree = "<group>"; };
		79BBF69A289AB50B0003FAD8 /* Base */ = {isa = PBXFileReference; lastKnownFileType = file.storyboard; name = Base; path = Base.lproj/Main.storyboard; sourceTree = "<group>"; };
		79BBF69C289AB50D0003FAD8 /* Assets.xcassets */ = {isa = PBXFileReference; lastKnownFileType = folder.assetcatalog; path = Assets.xcassets; sourceTree = "<group>"; };
		79BBF69F289AB50D0003FAD8 /* Base */ = {isa = PBXFileReference; lastKnownFileType = file.storyboard; name = Base; path = Base.lproj/LaunchScreen.storyboard; sourceTree = "<group>"; };
		79BBF6A1289AB50D0003FAD8 /* Info.plist */ = {isa = PBXFileReference; lastKnownFileType = text.plist.xml; path = Info.plist; sourceTree = "<group>"; };
		7E5BF64128A23A5400B6DD26 /* WorkoutModel.swift */ = {isa = PBXFileReference; lastKnownFileType = sourcecode.swift; path = WorkoutModel.swift; sourceTree = "<group>"; };
		7E5BF64328A2450900B6DD26 /* TodaysWorkoutCell.swift */ = {isa = PBXFileReference; lastKnownFileType = sourcecode.swift; path = TodaysWorkoutCell.swift; sourceTree = "<group>"; };
		7E9A47C1289D4774005B98B4 /* Workout.storyboard */ = {isa = PBXFileReference; lastKnownFileType = file.storyboard; path = Workout.storyboard; sourceTree = "<group>"; };
		7E9A47C3289D478A005B98B4 /* WorkoutViewController.swift */ = {isa = PBXFileReference; lastKnownFileType = sourcecode.swift; path = WorkoutViewController.swift; sourceTree = "<group>"; };
		7ED2F78C289E481300DAEEC9 /* WorkoutAdd.storyboard */ = {isa = PBXFileReference; lastKnownFileType = file.storyboard; path = WorkoutAdd.storyboard; sourceTree = "<group>"; };
		7ED2F78E289E482600DAEEC9 /* WorkoutAddViewController.swift */ = {isa = PBXFileReference; lastKnownFileType = sourcecode.swift; path = WorkoutAddViewController.swift; sourceTree = "<group>"; };
		7ED2F796289E524500DAEEC9 /* WorkoutAddTwoTableViewCell.swift */ = {isa = PBXFileReference; lastKnownFileType = sourcecode.swift; path = WorkoutAddTwoTableViewCell.swift; sourceTree = "<group>"; };
		7ED2F797289E524500DAEEC9 /* WorkoutAddTwoTableViewCell.xib */ = {isa = PBXFileReference; lastKnownFileType = file.xib; path = WorkoutAddTwoTableViewCell.xib; sourceTree = "<group>"; };
		7ED2F7AA289EA12100DAEEC9 /* WorkoutAddOneTableViewCell.swift */ = {isa = PBXFileReference; lastKnownFileType = sourcecode.swift; path = WorkoutAddOneTableViewCell.swift; sourceTree = "<group>"; };
		7ED2F7AB289EA12100DAEEC9 /* WorkoutAddOneTableViewCell.xib */ = {isa = PBXFileReference; lastKnownFileType = file.xib; path = WorkoutAddOneTableViewCell.xib; sourceTree = "<group>"; };
		7ED2F7AE289EAC2000DAEEC9 /* WorkoutAddPlusTableViewCell.swift */ = {isa = PBXFileReference; lastKnownFileType = sourcecode.swift; path = WorkoutAddPlusTableViewCell.swift; sourceTree = "<group>"; };
		7ED2F7AF289EAC2000DAEEC9 /* WorkoutAddPlusTableViewCell.xib */ = {isa = PBXFileReference; lastKnownFileType = file.xib; path = WorkoutAddPlusTableViewCell.xib; sourceTree = "<group>"; };
		7ED2F7B2289EB4F600DAEEC9 /* WorkoutAddCalorieTableViewCell.swift */ = {isa = PBXFileReference; lastKnownFileType = sourcecode.swift; path = WorkoutAddCalorieTableViewCell.swift; sourceTree = "<group>"; };
		7ED2F7B3289EB4F600DAEEC9 /* WorkoutAddCalorieTableViewCell.xib */ = {isa = PBXFileReference; lastKnownFileType = file.xib; path = WorkoutAddCalorieTableViewCell.xib; sourceTree = "<group>"; };
		7ED2F7B6289ED9A700DAEEC9 /* DailyCalendarCell.swift */ = {isa = PBXFileReference; lastKnownFileType = sourcecode.swift; path = DailyCalendarCell.swift; sourceTree = "<group>"; };
		7ED2F7B9289EDE0E00DAEEC9 /* UIColor.swift */ = {isa = PBXFileReference; lastKnownFileType = sourcecode.swift; path = UIColor.swift; sourceTree = "<group>"; };
/* End PBXFileReference section */

/* Begin PBXFrameworksBuildPhase section */
		79BBF68D289AB50B0003FAD8 /* Frameworks */ = {
			isa = PBXFrameworksBuildPhase;
			buildActionMask = 2147483647;
			files = (
			);
			runOnlyForDeploymentPostprocessing = 0;
		};
/* End PBXFrameworksBuildPhase section */

/* Begin PBXGroup section */
		79BBF687289AB50B0003FAD8 = {
			isa = PBXGroup;
			children = (
				79BBF692289AB50B0003FAD8 /* ChungSungChungSung */,
				79BBF691289AB50B0003FAD8 /* Products */,
			);
			sourceTree = "<group>";
		};
		79BBF691289AB50B0003FAD8 /* Products */ = {
			isa = PBXGroup;
			children = (
				79BBF690289AB50B0003FAD8 /* ChungSungChungSung.app */,
			);
			name = Products;
			sourceTree = "<group>";
		};
		79BBF692289AB50B0003FAD8 /* ChungSungChungSung */ = {
			isa = PBXGroup;
			children = (
				79F67636289C2DAF00850FF0 /* Main */,
				79F67633289C2D4700850FF0 /* Workout */,
				79F67635289C2D6000850FF0 /* FitnessTest */,
				79F67634289C2D5200850FF0 /* Profile */,
				7ED2F7B8289EDDF800DAEEC9 /* Extensions */,
				7E5BF64028A23A3800B6DD26 /* Model */,
				79BBF697289AB50B0003FAD8 /* ViewController.swift */,
				79BBF693289AB50B0003FAD8 /* AppDelegate.swift */,
				79BBF695289AB50B0003FAD8 /* SceneDelegate.swift */,
				79BBF699289AB50B0003FAD8 /* Main.storyboard */,
				79BBF69C289AB50D0003FAD8 /* Assets.xcassets */,
				79BBF69E289AB50D0003FAD8 /* LaunchScreen.storyboard */,
				79BBF6A1289AB50D0003FAD8 /* Info.plist */,
			);
			path = ChungSungChungSung;
			sourceTree = "<group>";
		};
		79F67633289C2D4700850FF0 /* Workout */ = {
			isa = PBXGroup;
			children = (
				79F67638289C2F2700850FF0 /* ViewController */,
				79F6763C289C2F5000850FF0 /* View */,
			);
			path = Workout;
			sourceTree = "<group>";
		};
		79F67634289C2D5200850FF0 /* Profile */ = {
			isa = PBXGroup;
			children = (
				79F6763A289C2F2C00850FF0 /* ViewController */,
				79F6763E289C2F6000850FF0 /* View */,
			);
			path = Profile;
			sourceTree = "<group>";
		};
		79F67635289C2D6000850FF0 /* FitnessTest */ = {
			isa = PBXGroup;
			children = (
				79F67639289C2F2900850FF0 /* ViewController */,
				79F6763D289C2F5200850FF0 /* View */,
			);
			path = FitnessTest;
			sourceTree = "<group>";
		};
		79F67636289C2DAF00850FF0 /* Main */ = {
			isa = PBXGroup;
			children = (
				79F67637289C2F1D00850FF0 /* ViewController */,
				79F6763B289C2F3E00850FF0 /* View */,
			);
			path = Main;
			sourceTree = "<group>";
		};
		79F67637289C2F1D00850FF0 /* ViewController */ = {
			isa = PBXGroup;
			children = (
			);
			path = ViewController;
			sourceTree = "<group>";
		};
		79F67638289C2F2700850FF0 /* ViewController */ = {
			isa = PBXGroup;
			children = (
				7E9A47C3289D478A005B98B4 /* WorkoutViewController.swift */,
				7ED2F78E289E482600DAEEC9 /* WorkoutAddViewController.swift */,
			);
			path = ViewController;
			sourceTree = "<group>";
		};
		79F67639289C2F2900850FF0 /* ViewController */ = {
			isa = PBXGroup;
			children = (
			);
			path = ViewController;
			sourceTree = "<group>";
		};
		79F6763A289C2F2C00850FF0 /* ViewController */ = {
			isa = PBXGroup;
			children = (
			);
			path = ViewController;
			sourceTree = "<group>";
		};
		79F6763B289C2F3E00850FF0 /* View */ = {
			isa = PBXGroup;
			children = (
			);
			path = View;
			sourceTree = "<group>";
		};
		79F6763C289C2F5000850FF0 /* View */ = {
			isa = PBXGroup;
			children = (
				7E9A47C1289D4774005B98B4 /* Workout.storyboard */,
				7ED2F7B6289ED9A700DAEEC9 /* DailyCalendarCell.swift */,
				7ED2F78C289E481300DAEEC9 /* WorkoutAdd.storyboard */,
				7ED2F796289E524500DAEEC9 /* WorkoutAddTwoTableViewCell.swift */,
				7ED2F797289E524500DAEEC9 /* WorkoutAddTwoTableViewCell.xib */,
				7ED2F7AA289EA12100DAEEC9 /* WorkoutAddOneTableViewCell.swift */,
				7ED2F7AB289EA12100DAEEC9 /* WorkoutAddOneTableViewCell.xib */,
				7ED2F7AE289EAC2000DAEEC9 /* WorkoutAddPlusTableViewCell.swift */,
				7ED2F7AF289EAC2000DAEEC9 /* WorkoutAddPlusTableViewCell.xib */,
				7ED2F7B2289EB4F600DAEEC9 /* WorkoutAddCalorieTableViewCell.swift */,
				7ED2F7B3289EB4F600DAEEC9 /* WorkoutAddCalorieTableViewCell.xib */,
				7E5BF64328A2450900B6DD26 /* TodaysWorkoutCell.swift */,
			);
			path = View;
			sourceTree = "<group>";
		};
		79F6763D289C2F5200850FF0 /* View */ = {
			isa = PBXGroup;
			children = (
			);
			path = View;
			sourceTree = "<group>";
		};
		79F6763E289C2F6000850FF0 /* View */ = {
			isa = PBXGroup;
			children = (
			);
			path = View;
			sourceTree = "<group>";
		};
		7E5BF64028A23A3800B6DD26 /* Model */ = {
			isa = PBXGroup;
			children = (
				7E5BF64128A23A5400B6DD26 /* WorkoutModel.swift */,
			);
			path = Model;
			sourceTree = "<group>";
		};
		7ED2F7B8289EDDF800DAEEC9 /* Extensions */ = {
			isa = PBXGroup;
			children = (
				7ED2F7B9289EDE0E00DAEEC9 /* UIColor.swift */,
			);
			path = Extensions;
			sourceTree = "<group>";
		};
/* End PBXGroup section */

/* Begin PBXNativeTarget section */
		79BBF68F289AB50B0003FAD8 /* ChungSungChungSung */ = {
			isa = PBXNativeTarget;
			buildConfigurationList = 79BBF6A4289AB50D0003FAD8 /* Build configuration list for PBXNativeTarget "ChungSungChungSung" */;
			buildPhases = (
				79BBF68C289AB50B0003FAD8 /* Sources */,
				79BBF68D289AB50B0003FAD8 /* Frameworks */,
				79BBF68E289AB50B0003FAD8 /* Resources */,
			);
			buildRules = (
			);
			dependencies = (
			);
			name = ChungSungChungSung;
			productName = ChungSungChungSung;
			productReference = 79BBF690289AB50B0003FAD8 /* ChungSungChungSung.app */;
			productType = "com.apple.product-type.application";
		};
/* End PBXNativeTarget section */

/* Begin PBXProject section */
		79BBF688289AB50B0003FAD8 /* Project object */ = {
			isa = PBXProject;
			attributes = {
				BuildIndependentTargetsInParallel = 1;
				LastSwiftUpdateCheck = 1330;
				LastUpgradeCheck = 1330;
				TargetAttributes = {
					79BBF68F289AB50B0003FAD8 = {
						CreatedOnToolsVersion = 13.3.1;
					};
				};
			};
			buildConfigurationList = 79BBF68B289AB50B0003FAD8 /* Build configuration list for PBXProject "ChungSungChungSung" */;
			compatibilityVersion = "Xcode 13.0";
			developmentRegion = en;
			hasScannedForEncodings = 0;
			knownRegions = (
				en,
				Base,
			);
			mainGroup = 79BBF687289AB50B0003FAD8;
			productRefGroup = 79BBF691289AB50B0003FAD8 /* Products */;
			projectDirPath = "";
			projectRoot = "";
			targets = (
				79BBF68F289AB50B0003FAD8 /* ChungSungChungSung */,
			);
		};
/* End PBXProject section */

/* Begin PBXResourcesBuildPhase section */
		79BBF68E289AB50B0003FAD8 /* Resources */ = {
			isa = PBXResourcesBuildPhase;
			buildActionMask = 2147483647;
			files = (
				7E9A47C2289D4774005B98B4 /* Workout.storyboard in Resources */,
				7ED2F78D289E481300DAEEC9 /* WorkoutAdd.storyboard in Resources */,
				7ED2F7B1289EAC2000DAEEC9 /* WorkoutAddPlusTableViewCell.xib in Resources */,
				79BBF6A0289AB50D0003FAD8 /* LaunchScreen.storyboard in Resources */,
				7ED2F7AD289EA12100DAEEC9 /* WorkoutAddOneTableViewCell.xib in Resources */,
				79BBF69D289AB50D0003FAD8 /* Assets.xcassets in Resources */,
				7ED2F7B5289EB4F600DAEEC9 /* WorkoutAddCalorieTableViewCell.xib in Resources */,
				79BBF69B289AB50B0003FAD8 /* Main.storyboard in Resources */,
				7ED2F799289E524500DAEEC9 /* WorkoutAddTwoTableViewCell.xib in Resources */,
			);
			runOnlyForDeploymentPostprocessing = 0;
		};
/* End PBXResourcesBuildPhase section */

/* Begin PBXSourcesBuildPhase section */
		79BBF68C289AB50B0003FAD8 /* Sources */ = {
			isa = PBXSourcesBuildPhase;
			buildActionMask = 2147483647;
			files = (
				7E9A47C4289D478A005B98B4 /* WorkoutViewController.swift in Sources */,
				7E5BF64228A23A5400B6DD26 /* WorkoutModel.swift in Sources */,
				7ED2F7BA289EDE0E00DAEEC9 /* UIColor.swift in Sources */,
				7ED2F7B0289EAC2000DAEEC9 /* WorkoutAddPlusTableViewCell.swift in Sources */,
				7ED2F78F289E482600DAEEC9 /* WorkoutAddViewController.swift in Sources */,
				7ED2F798289E524500DAEEC9 /* WorkoutAddTwoTableViewCell.swift in Sources */,
				79BBF698289AB50B0003FAD8 /* ViewController.swift in Sources */,
				79BBF694289AB50B0003FAD8 /* AppDelegate.swift in Sources */,
				7ED2F7B4289EB4F600DAEEC9 /* WorkoutAddCalorieTableViewCell.swift in Sources */,
				7ED2F7AC289EA12100DAEEC9 /* WorkoutAddOneTableViewCell.swift in Sources */,
				7E5BF64428A2450900B6DD26 /* TodaysWorkoutCell.swift in Sources */,
				79BBF696289AB50B0003FAD8 /* SceneDelegate.swift in Sources */,
				7ED2F7B7289ED9A700DAEEC9 /* DailyCalendarCell.swift in Sources */,
			);
			runOnlyForDeploymentPostprocessing = 0;
		};
/* End PBXSourcesBuildPhase section */

/* Begin PBXVariantGroup section */
		79BBF699289AB50B0003FAD8 /* Main.storyboard */ = {
			isa = PBXVariantGroup;
			children = (
				79BBF69A289AB50B0003FAD8 /* Base */,
			);
			name = Main.storyboard;
			sourceTree = "<group>";
		};
		79BBF69E289AB50D0003FAD8 /* LaunchScreen.storyboard */ = {
			isa = PBXVariantGroup;
			children = (
				79BBF69F289AB50D0003FAD8 /* Base */,
			);
			name = LaunchScreen.storyboard;
			sourceTree = "<group>";
		};
/* End PBXVariantGroup section */

/* Begin XCBuildConfiguration section */
		79BBF6A2289AB50D0003FAD8 /* Debug */ = {
			isa = XCBuildConfiguration;
			buildSettings = {
				ALWAYS_SEARCH_USER_PATHS = NO;
				CLANG_ANALYZER_NONNULL = YES;
				CLANG_ANALYZER_NUMBER_OBJECT_CONVERSION = YES_AGGRESSIVE;
				CLANG_CXX_LANGUAGE_STANDARD = "gnu++17";
				CLANG_ENABLE_MODULES = YES;
				CLANG_ENABLE_OBJC_ARC = YES;
				CLANG_ENABLE_OBJC_WEAK = YES;
				CLANG_WARN_BLOCK_CAPTURE_AUTORELEASING = YES;
				CLANG_WARN_BOOL_CONVERSION = YES;
				CLANG_WARN_COMMA = YES;
				CLANG_WARN_CONSTANT_CONVERSION = YES;
				CLANG_WARN_DEPRECATED_OBJC_IMPLEMENTATIONS = YES;
				CLANG_WARN_DIRECT_OBJC_ISA_USAGE = YES_ERROR;
				CLANG_WARN_DOCUMENTATION_COMMENTS = YES;
				CLANG_WARN_EMPTY_BODY = YES;
				CLANG_WARN_ENUM_CONVERSION = YES;
				CLANG_WARN_INFINITE_RECURSION = YES;
				CLANG_WARN_INT_CONVERSION = YES;
				CLANG_WARN_NON_LITERAL_NULL_CONVERSION = YES;
				CLANG_WARN_OBJC_IMPLICIT_RETAIN_SELF = YES;
				CLANG_WARN_OBJC_LITERAL_CONVERSION = YES;
				CLANG_WARN_OBJC_ROOT_CLASS = YES_ERROR;
				CLANG_WARN_QUOTED_INCLUDE_IN_FRAMEWORK_HEADER = YES;
				CLANG_WARN_RANGE_LOOP_ANALYSIS = YES;
				CLANG_WARN_STRICT_PROTOTYPES = YES;
				CLANG_WARN_SUSPICIOUS_MOVE = YES;
				CLANG_WARN_UNGUARDED_AVAILABILITY = YES_AGGRESSIVE;
				CLANG_WARN_UNREACHABLE_CODE = YES;
				CLANG_WARN__DUPLICATE_METHOD_MATCH = YES;
				COPY_PHASE_STRIP = NO;
				DEBUG_INFORMATION_FORMAT = dwarf;
				ENABLE_STRICT_OBJC_MSGSEND = YES;
				ENABLE_TESTABILITY = YES;
				GCC_C_LANGUAGE_STANDARD = gnu11;
				GCC_DYNAMIC_NO_PIC = NO;
				GCC_NO_COMMON_BLOCKS = YES;
				GCC_OPTIMIZATION_LEVEL = 0;
				GCC_PREPROCESSOR_DEFINITIONS = (
					"DEBUG=1",
					"$(inherited)",
				);
				GCC_WARN_64_TO_32_BIT_CONVERSION = YES;
				GCC_WARN_ABOUT_RETURN_TYPE = YES_ERROR;
				GCC_WARN_UNDECLARED_SELECTOR = YES;
				GCC_WARN_UNINITIALIZED_AUTOS = YES_AGGRESSIVE;
				GCC_WARN_UNUSED_FUNCTION = YES;
				GCC_WARN_UNUSED_VARIABLE = YES;
				IPHONEOS_DEPLOYMENT_TARGET = 15.4;
				MTL_ENABLE_DEBUG_INFO = INCLUDE_SOURCE;
				MTL_FAST_MATH = YES;
				ONLY_ACTIVE_ARCH = YES;
				SDKROOT = iphoneos;
				SWIFT_ACTIVE_COMPILATION_CONDITIONS = DEBUG;
				SWIFT_OPTIMIZATION_LEVEL = "-Onone";
			};
			name = Debug;
		};
		79BBF6A3289AB50D0003FAD8 /* Release */ = {
			isa = XCBuildConfiguration;
			buildSettings = {
				ALWAYS_SEARCH_USER_PATHS = NO;
				CLANG_ANALYZER_NONNULL = YES;
				CLANG_ANALYZER_NUMBER_OBJECT_CONVERSION = YES_AGGRESSIVE;
				CLANG_CXX_LANGUAGE_STANDARD = "gnu++17";
				CLANG_ENABLE_MODULES = YES;
				CLANG_ENABLE_OBJC_ARC = YES;
				CLANG_ENABLE_OBJC_WEAK = YES;
				CLANG_WARN_BLOCK_CAPTURE_AUTORELEASING = YES;
				CLANG_WARN_BOOL_CONVERSION = YES;
				CLANG_WARN_COMMA = YES;
				CLANG_WARN_CONSTANT_CONVERSION = YES;
				CLANG_WARN_DEPRECATED_OBJC_IMPLEMENTATIONS = YES;
				CLANG_WARN_DIRECT_OBJC_ISA_USAGE = YES_ERROR;
				CLANG_WARN_DOCUMENTATION_COMMENTS = YES;
				CLANG_WARN_EMPTY_BODY = YES;
				CLANG_WARN_ENUM_CONVERSION = YES;
				CLANG_WARN_INFINITE_RECURSION = YES;
				CLANG_WARN_INT_CONVERSION = YES;
				CLANG_WARN_NON_LITERAL_NULL_CONVERSION = YES;
				CLANG_WARN_OBJC_IMPLICIT_RETAIN_SELF = YES;
				CLANG_WARN_OBJC_LITERAL_CONVERSION = YES;
				CLANG_WARN_OBJC_ROOT_CLASS = YES_ERROR;
				CLANG_WARN_QUOTED_INCLUDE_IN_FRAMEWORK_HEADER = YES;
				CLANG_WARN_RANGE_LOOP_ANALYSIS = YES;
				CLANG_WARN_STRICT_PROTOTYPES = YES;
				CLANG_WARN_SUSPICIOUS_MOVE = YES;
				CLANG_WARN_UNGUARDED_AVAILABILITY = YES_AGGRESSIVE;
				CLANG_WARN_UNREACHABLE_CODE = YES;
				CLANG_WARN__DUPLICATE_METHOD_MATCH = YES;
				COPY_PHASE_STRIP = NO;
				DEBUG_INFORMATION_FORMAT = "dwarf-with-dsym";
				ENABLE_NS_ASSERTIONS = NO;
				ENABLE_STRICT_OBJC_MSGSEND = YES;
				GCC_C_LANGUAGE_STANDARD = gnu11;
				GCC_NO_COMMON_BLOCKS = YES;
				GCC_WARN_64_TO_32_BIT_CONVERSION = YES;
				GCC_WARN_ABOUT_RETURN_TYPE = YES_ERROR;
				GCC_WARN_UNDECLARED_SELECTOR = YES;
				GCC_WARN_UNINITIALIZED_AUTOS = YES_AGGRESSIVE;
				GCC_WARN_UNUSED_FUNCTION = YES;
				GCC_WARN_UNUSED_VARIABLE = YES;
				IPHONEOS_DEPLOYMENT_TARGET = 15.4;
				MTL_ENABLE_DEBUG_INFO = NO;
				MTL_FAST_MATH = YES;
				SDKROOT = iphoneos;
				SWIFT_COMPILATION_MODE = wholemodule;
				SWIFT_OPTIMIZATION_LEVEL = "-O";
				VALIDATE_PRODUCT = YES;
			};
			name = Release;
		};
		79BBF6A5289AB50D0003FAD8 /* Debug */ = {
			isa = XCBuildConfiguration;
			buildSettings = {
				ASSETCATALOG_COMPILER_APPICON_NAME = AppIcon;
				ASSETCATALOG_COMPILER_GLOBAL_ACCENT_COLOR_NAME = AccentColor;
				CODE_SIGN_STYLE = Automatic;
				CURRENT_PROJECT_VERSION = 1;
				DEVELOPMENT_TEAM = H5PD3P95F5;
				GENERATE_INFOPLIST_FILE = YES;
				INFOPLIST_FILE = ChungSungChungSung/Info.plist;
				INFOPLIST_KEY_UIApplicationSupportsIndirectInputEvents = YES;
				INFOPLIST_KEY_UILaunchStoryboardName = LaunchScreen;
				INFOPLIST_KEY_UIMainStoryboardFile = Main;
				INFOPLIST_KEY_UISupportedInterfaceOrientations_iPad = "UIInterfaceOrientationPortrait UIInterfaceOrientationPortraitUpsideDown UIInterfaceOrientationLandscapeLeft UIInterfaceOrientationLandscapeRight";
				INFOPLIST_KEY_UISupportedInterfaceOrientations_iPhone = "UIInterfaceOrientationPortrait UIInterfaceOrientationLandscapeLeft UIInterfaceOrientationLandscapeRight";
				LD_RUNPATH_SEARCH_PATHS = (
					"$(inherited)",
					"@executable_path/Frameworks",
				);
				MARKETING_VERSION = 1.0;
				PRODUCT_BUNDLE_IDENTIFIER = kyuWorld.ChungSungChungSung;
				PRODUCT_NAME = "$(TARGET_NAME)";
				SWIFT_EMIT_LOC_STRINGS = YES;
				SWIFT_VERSION = 5.0;
				TARGETED_DEVICE_FAMILY = "1,2";
			};
			name = Debug;
		};
		79BBF6A6289AB50D0003FAD8 /* Release */ = {
			isa = XCBuildConfiguration;
			buildSettings = {
				ASSETCATALOG_COMPILER_APPICON_NAME = AppIcon;
				ASSETCATALOG_COMPILER_GLOBAL_ACCENT_COLOR_NAME = AccentColor;
				CODE_SIGN_STYLE = Automatic;
				CURRENT_PROJECT_VERSION = 1;
				DEVELOPMENT_TEAM = H5PD3P95F5;
				GENERATE_INFOPLIST_FILE = YES;
				INFOPLIST_FILE = ChungSungChungSung/Info.plist;
				INFOPLIST_KEY_UIApplicationSupportsIndirectInputEvents = YES;
				INFOPLIST_KEY_UILaunchStoryboardName = LaunchScreen;
				INFOPLIST_KEY_UIMainStoryboardFile = Main;
				INFOPLIST_KEY_UISupportedInterfaceOrientations_iPad = "UIInterfaceOrientationPortrait UIInterfaceOrientationPortraitUpsideDown UIInterfaceOrientationLandscapeLeft UIInterfaceOrientationLandscapeRight";
				INFOPLIST_KEY_UISupportedInterfaceOrientations_iPhone = "UIInterfaceOrientationPortrait UIInterfaceOrientationLandscapeLeft UIInterfaceOrientationLandscapeRight";
				LD_RUNPATH_SEARCH_PATHS = (
					"$(inherited)",
					"@executable_path/Frameworks",
				);
				MARKETING_VERSION = 1.0;
				PRODUCT_BUNDLE_IDENTIFIER = kyuWorld.ChungSungChungSung;
				PRODUCT_NAME = "$(TARGET_NAME)";
				SWIFT_EMIT_LOC_STRINGS = YES;
				SWIFT_VERSION = 5.0;
				TARGETED_DEVICE_FAMILY = "1,2";
			};
			name = Release;
		};
/* End XCBuildConfiguration section */

/* Begin XCConfigurationList section */
		79BBF68B289AB50B0003FAD8 /* Build configuration list for PBXProject "ChungSungChungSung" */ = {
			isa = XCConfigurationList;
			buildConfigurations = (
				79BBF6A2289AB50D0003FAD8 /* Debug */,
				79BBF6A3289AB50D0003FAD8 /* Release */,
			);
			defaultConfigurationIsVisible = 0;
			defaultConfigurationName = Release;
		};
		79BBF6A4289AB50D0003FAD8 /* Build configuration list for PBXNativeTarget "ChungSungChungSung" */ = {
			isa = XCConfigurationList;
			buildConfigurations = (
				79BBF6A5289AB50D0003FAD8 /* Debug */,
				79BBF6A6289AB50D0003FAD8 /* Release */,
			);
			defaultConfigurationIsVisible = 0;
			defaultConfigurationName = Release;
		};
/* End XCConfigurationList section */
	};
	rootObject = 79BBF688289AB50B0003FAD8 /* Project object */;
}
