// !$*UTF8*$!
{
	archiveVersion = 1;
	classes = {
	};
	objectVersion = 55;
	objects = {

/* Begin PBXBuildFile section */
		2950AC38652EB8D0E2A5584F /* Pods_ChungSungChungSung.framework in Frameworks */ = {isa = PBXBuildFile; fileRef = B180C28E5034187EE8032A64 /* Pods_ChungSungChungSung.framework */; };
		325F8E0F28A3C962004ACF9E /* WorkoutListCell.swift in Sources */ = {isa = PBXBuildFile; fileRef = 325F8E0E28A3C962004ACF9E /* WorkoutListCell.swift */; };
		325F8E1128A3F1BC004ACF9E /* UIView.swift in Sources */ = {isa = PBXBuildFile; fileRef = 325F8E1028A3F1BC004ACF9E /* UIView.swift */; };
		328AB9AA28A638A000000A85 /* Profile.storyboard in Resources */ = {isa = PBXBuildFile; fileRef = 328AB9A928A638A000000A85 /* Profile.storyboard */; };
		328AB9AC28A638C200000A85 /* ProfileViewController.swift in Sources */ = {isa = PBXBuildFile; fileRef = 328AB9AB28A638C200000A85 /* ProfileViewController.swift */; };
		328AB9AF28A63B6500000A85 /* ArmyInfoTableViewCell.swift in Sources */ = {isa = PBXBuildFile; fileRef = 328AB9AD28A63B6500000A85 /* ArmyInfoTableViewCell.swift */; };
		328AB9B028A63B6500000A85 /* ArmyInfoTableViewCell.xib in Resources */ = {isa = PBXBuildFile; fileRef = 328AB9AE28A63B6500000A85 /* ArmyInfoTableViewCell.xib */; };
		328AB9B328A64A9700000A85 /* BodyInfoTableViewCell.swift in Sources */ = {isa = PBXBuildFile; fileRef = 328AB9B128A64A9700000A85 /* BodyInfoTableViewCell.swift */; };
		328AB9B428A64A9700000A85 /* BodyInfoTableViewCell.xib in Resources */ = {isa = PBXBuildFile; fileRef = 328AB9B228A64A9700000A85 /* BodyInfoTableViewCell.xib */; };
		328AB9B728A64D5A00000A85 /* GoalsTableViewCell.swift in Sources */ = {isa = PBXBuildFile; fileRef = 328AB9B528A64D5A00000A85 /* GoalsTableViewCell.swift */; };
		328AB9B828A64D5A00000A85 /* GoalsTableViewCell.xib in Resources */ = {isa = PBXBuildFile; fileRef = 328AB9B628A64D5A00000A85 /* GoalsTableViewCell.xib */; };
		328AB9BB28A6A35400000A85 /* BadgeTableViewCell.swift in Sources */ = {isa = PBXBuildFile; fileRef = 328AB9B928A6A35400000A85 /* BadgeTableViewCell.swift */; };
		328AB9BC28A6A35400000A85 /* BadgeTableViewCell.xib in Resources */ = {isa = PBXBuildFile; fileRef = 328AB9BA28A6A35400000A85 /* BadgeTableViewCell.xib */; };
		328AB9BF28A6AFB000000A85 /* BadgeCollectionViewCell.swift in Sources */ = {isa = PBXBuildFile; fileRef = 328AB9BD28A6AFB000000A85 /* BadgeCollectionViewCell.swift */; };
		328AB9C028A6AFB000000A85 /* BadgeCollectionViewCell.xib in Resources */ = {isa = PBXBuildFile; fileRef = 328AB9BE28A6AFB000000A85 /* BadgeCollectionViewCell.xib */; };
		328AB9C228A80FE500000A85 /* GoalsDetail.storyboard in Resources */ = {isa = PBXBuildFile; fileRef = 328AB9C128A80FE500000A85 /* GoalsDetail.storyboard */; };
		328AB9C428A8100D00000A85 /* GoalsDetailViewController.swift in Sources */ = {isa = PBXBuildFile; fileRef = 328AB9C328A8100D00000A85 /* GoalsDetailViewController.swift */; };
		328AB9C628A81A1500000A85 /* GoalModel.swift in Sources */ = {isa = PBXBuildFile; fileRef = 328AB9C528A81A1500000A85 /* GoalModel.swift */; };
		328AB9C928A8225700000A85 /* GoalsDetailCell.swift in Sources */ = {isa = PBXBuildFile; fileRef = 328AB9C828A8225700000A85 /* GoalsDetailCell.swift */; };
		328AB9CC28A8C56A00000A85 /* BadgeDetail.storyboard in Resources */ = {isa = PBXBuildFile; fileRef = 328AB9CB28A8C56A00000A85 /* BadgeDetail.storyboard */; };
		328AB9CE28A8C5AB00000A85 /* BadgeDetailViewController.swift in Sources */ = {isa = PBXBuildFile; fileRef = 328AB9CD28A8C5AB00000A85 /* BadgeDetailViewController.swift */; };
		328AB9D028A8F76200000A85 /* UIImage.swift in Sources */ = {isa = PBXBuildFile; fileRef = 328AB9CF28A8F76200000A85 /* UIImage.swift */; };
		328AB9D228A901CB00000A85 /* BadgeDetailInfo.storyboard in Resources */ = {isa = PBXBuildFile; fileRef = 328AB9D128A901CA00000A85 /* BadgeDetailInfo.storyboard */; };
		328AB9D628A9021A00000A85 /* BadgeDetailInfoViewController.swift in Sources */ = {isa = PBXBuildFile; fileRef = 328AB9D528A9021A00000A85 /* BadgeDetailInfoViewController.swift */; };
		32D3F1A428A558E60096FAFC /* WorkoutListEdit.storyboard in Resources */ = {isa = PBXBuildFile; fileRef = 32D3F1A328A558E60096FAFC /* WorkoutListEdit.storyboard */; };
		32D3F1A628A559880096FAFC /* WorkoutListEditViewController.swift in Sources */ = {isa = PBXBuildFile; fileRef = 32D3F1A528A559880096FAFC /* WorkoutListEditViewController.swift */; };
		32D3F1AA28A5728F0096FAFC /* WorkoutListEditCell.swift in Sources */ = {isa = PBXBuildFile; fileRef = 32D3F1A928A5728F0096FAFC /* WorkoutListEditCell.swift */; };
		790B0C4228A9189A00A3A988 /* SelectArmyViewController.swift in Sources */ = {isa = PBXBuildFile; fileRef = 790B0C4128A9189A00A3A988 /* SelectArmyViewController.swift */; };
		790B0C4428A91ED000A3A988 /* SelectArmyTableViewCell.swift in Sources */ = {isa = PBXBuildFile; fileRef = 790B0C4328A91ECF00A3A988 /* SelectArmyTableViewCell.swift */; };
		794B600A28A527BB00621A27 /* WorkoutAddOneTableViewCell.xib in Resources */ = {isa = PBXBuildFile; fileRef = 794B600028A527BB00621A27 /* WorkoutAddOneTableViewCell.xib */; };
		794B600B28A527BB00621A27 /* TodaysWorkoutEditCell.swift in Sources */ = {isa = PBXBuildFile; fileRef = 794B600128A527BB00621A27 /* TodaysWorkoutEditCell.swift */; };
		794B600C28A527BB00621A27 /* WorkoutAddPlusTableViewCell.swift in Sources */ = {isa = PBXBuildFile; fileRef = 794B600228A527BB00621A27 /* WorkoutAddPlusTableViewCell.swift */; };
		794B600D28A527BB00621A27 /* WorkoutAddOneTableViewCell.swift in Sources */ = {isa = PBXBuildFile; fileRef = 794B600328A527BB00621A27 /* WorkoutAddOneTableViewCell.swift */; };
		794B600E28A527BB00621A27 /* WorkoutAddCalorieTableViewCell.swift in Sources */ = {isa = PBXBuildFile; fileRef = 794B600428A527BB00621A27 /* WorkoutAddCalorieTableViewCell.swift */; };
		794B600F28A527BB00621A27 /* WorkoutAddCalorieTableViewCell.xib in Resources */ = {isa = PBXBuildFile; fileRef = 794B600528A527BB00621A27 /* WorkoutAddCalorieTableViewCell.xib */; };
		794B601028A527BB00621A27 /* WorkoutAdd.storyboard in Resources */ = {isa = PBXBuildFile; fileRef = 794B600628A527BB00621A27 /* WorkoutAdd.storyboard */; };
		794B601128A527BB00621A27 /* WorkoutAddPlusTableViewCell.xib in Resources */ = {isa = PBXBuildFile; fileRef = 794B600728A527BB00621A27 /* WorkoutAddPlusTableViewCell.xib */; };
		794B601228A527BB00621A27 /* WorkoutAddTwoTableViewCell.xib in Resources */ = {isa = PBXBuildFile; fileRef = 794B600828A527BB00621A27 /* WorkoutAddTwoTableViewCell.xib */; };
		794B601328A527BB00621A27 /* WorkoutAddTwoTableViewCell.swift in Sources */ = {isa = PBXBuildFile; fileRef = 794B600928A527BB00621A27 /* WorkoutAddTwoTableViewCell.swift */; };
		794B601528A6241200621A27 /* WorkoutPreviousViewController.swift in Sources */ = {isa = PBXBuildFile; fileRef = 794B601428A6241200621A27 /* WorkoutPreviousViewController.swift */; };
		794B601728A62A7400621A27 /* WorkoutPreviousTableViewCell.swift in Sources */ = {isa = PBXBuildFile; fileRef = 794B601628A62A7400621A27 /* WorkoutPreviousTableViewCell.swift */; };
		797C370728AC01C800B6132D /* HistoryTestViewController.swift in Sources */ = {isa = PBXBuildFile; fileRef = 797C370628AC01C800B6132D /* HistoryTestViewController.swift */; };
		797C370928AC82AF00B6132D /* AddGoalViewController.swift in Sources */ = {isa = PBXBuildFile; fileRef = 797C370828AC82AF00B6132D /* AddGoalViewController.swift */; };
		79BBF694289AB50B0003FAD8 /* AppDelegate.swift in Sources */ = {isa = PBXBuildFile; fileRef = 79BBF693289AB50B0003FAD8 /* AppDelegate.swift */; };
		79BBF696289AB50B0003FAD8 /* SceneDelegate.swift in Sources */ = {isa = PBXBuildFile; fileRef = 79BBF695289AB50B0003FAD8 /* SceneDelegate.swift */; };
		79BBF698289AB50B0003FAD8 /* ViewController.swift in Sources */ = {isa = PBXBuildFile; fileRef = 79BBF697289AB50B0003FAD8 /* ViewController.swift */; };
		79BBF69B289AB50B0003FAD8 /* Main.storyboard in Resources */ = {isa = PBXBuildFile; fileRef = 79BBF699289AB50B0003FAD8 /* Main.storyboard */; };
		79BBF69D289AB50D0003FAD8 /* Assets.xcassets in Resources */ = {isa = PBXBuildFile; fileRef = 79BBF69C289AB50D0003FAD8 /* Assets.xcassets */; };
		79BBF6A0289AB50D0003FAD8 /* LaunchScreen.storyboard in Resources */ = {isa = PBXBuildFile; fileRef = 79BBF69E289AB50D0003FAD8 /* LaunchScreen.storyboard */; };
		79D0F52728ABB4510099E944 /* TodaysWorkoutEditViewController.swift in Sources */ = {isa = PBXBuildFile; fileRef = 79D0F52628ABB4510099E944 /* TodaysWorkoutEditViewController.swift */; };
		79EB055728ABC4D200CA2A11 /* TodaysWorkoutEditViewController.swift in Sources */ = {isa = PBXBuildFile; fileRef = 79EB055628ABC4D200CA2A11 /* TodaysWorkoutEditViewController.swift */; };
		79F67694289E52F100850FF0 /* TabViewController.swift in Sources */ = {isa = PBXBuildFile; fileRef = 79F67693289E52F100850FF0 /* TabViewController.swift */; };
		79F67696289E53AF00850FF0 /* MainViewController.swift in Sources */ = {isa = PBXBuildFile; fileRef = 79F67695289E53AF00850FF0 /* MainViewController.swift */; };
		79F67699289E557200850FF0 /* ViewExtensioin.swift in Sources */ = {isa = PBXBuildFile; fileRef = 79F67698289E557200850FF0 /* ViewExtensioin.swift */; };
		79F6769B289E680000850FF0 /* purposeCollectionViewCell.swift in Sources */ = {isa = PBXBuildFile; fileRef = 79F6769A289E680000850FF0 /* purposeCollectionViewCell.swift */; };
		79F6769D289EACF900850FF0 /* mealCollectionViewCell.swift in Sources */ = {isa = PBXBuildFile; fileRef = 79F6769C289EACF900850FF0 /* mealCollectionViewCell.swift */; };
		79F676A0289EC65C00850FF0 /* Bar.swift in Sources */ = {isa = PBXBuildFile; fileRef = 79F6769F289EC65C00850FF0 /* Bar.swift */; };
		79F676C828A00A4B00850FF0 /* ColorExtension.swift in Sources */ = {isa = PBXBuildFile; fileRef = 79F676C728A00A4B00850FF0 /* ColorExtension.swift */; };
		79F676CA28A163F300850FF0 /* UIImageExtension.swift in Sources */ = {isa = PBXBuildFile; fileRef = 79F676C928A163F300850FF0 /* UIImageExtension.swift */; };
		79F676CC28A372F800850FF0 /* MainMealViewController.swift in Sources */ = {isa = PBXBuildFile; fileRef = 79F676CB28A372F800850FF0 /* MainMealViewController.swift */; };
		79F676CE28A39D0C00850FF0 /* MainMealTableViewCell.swift in Sources */ = {isa = PBXBuildFile; fileRef = 79F676CD28A39D0C00850FF0 /* MainMealTableViewCell.swift */; };
		79F676D028A4CBD900850FF0 /* MainCalorieViewController.swift in Sources */ = {isa = PBXBuildFile; fileRef = 79F676CF28A4CBD900850FF0 /* MainCalorieViewController.swift */; };
		79FA607C28AB8A4300A233AC /* WorkoutModel.swift in Sources */ = {isa = PBXBuildFile; fileRef = 7E5BF64128A23A5400B6DD26 /* WorkoutModel.swift */; };
		7E37333928A4CBD1008F7EFA /* TodaysWorkoutEdit.storyboard in Resources */ = {isa = PBXBuildFile; fileRef = 7E37333828A4CBD1008F7EFA /* TodaysWorkoutEdit.storyboard */; };
		7E37333F28A8D18E008F7EFA /* BadgeModel.swift in Sources */ = {isa = PBXBuildFile; fileRef = 7E37333E28A8D18E008F7EFA /* BadgeModel.swift */; };
		7E5BF64428A2450900B6DD26 /* TodaysWorkoutCell.swift in Sources */ = {isa = PBXBuildFile; fileRef = 7E5BF64328A2450900B6DD26 /* TodaysWorkoutCell.swift */; };
		7E9A47C2289D4774005B98B4 /* Workout.storyboard in Resources */ = {isa = PBXBuildFile; fileRef = 7E9A47C1289D4774005B98B4 /* Workout.storyboard */; };
		7E9A47C4289D478A005B98B4 /* WorkoutViewController.swift in Sources */ = {isa = PBXBuildFile; fileRef = 7E9A47C3289D478A005B98B4 /* WorkoutViewController.swift */; };
		7ED2F78F289E482600DAEEC9 /* WorkoutAddViewController.swift in Sources */ = {isa = PBXBuildFile; fileRef = 7ED2F78E289E482600DAEEC9 /* WorkoutAddViewController.swift */; };
		7ED2F7B7289ED9A700DAEEC9 /* DailyCalendarCell.swift in Sources */ = {isa = PBXBuildFile; fileRef = 7ED2F7B6289ED9A700DAEEC9 /* DailyCalendarCell.swift */; };
		7ED2F7BA289EDE0E00DAEEC9 /* UIColor.swift in Sources */ = {isa = PBXBuildFile; fileRef = 7ED2F7B9289EDE0E00DAEEC9 /* UIColor.swift */; };
		AB21161228A4C5F20050E9F8 /* FitnessHistoryTableViewCell.swift in Sources */ = {isa = PBXBuildFile; fileRef = AB21161128A4C5F20050E9F8 /* FitnessHistoryTableViewCell.swift */; };
		AB460BAF28A7A32000765A1D /* BasicWorkout.swift in Sources */ = {isa = PBXBuildFile; fileRef = AB460BAE28A7A32000765A1D /* BasicWorkout.swift */; };
		AB460BB128A7D96F00765A1D /* ProfileBodyInfo.storyboard in Resources */ = {isa = PBXBuildFile; fileRef = AB460BB028A7D96F00765A1D /* ProfileBodyInfo.storyboard */; };
		AB460BB328A7D9DD00765A1D /* BodyInfoProfileViewController.swift in Sources */ = {isa = PBXBuildFile; fileRef = AB460BB228A7D9DD00765A1D /* BodyInfoProfileViewController.swift */; };
		AB460BB528A7E68800765A1D /* TodoListAdd.storyboard in Resources */ = {isa = PBXBuildFile; fileRef = AB460BB428A7E68800765A1D /* TodoListAdd.storyboard */; };
		AB460BB728A7E69C00765A1D /* TodoListAddProfileViewController.swift in Sources */ = {isa = PBXBuildFile; fileRef = AB460BB628A7E69C00765A1D /* TodoListAddProfileViewController.swift */; };
		AB8623BE289E5B4200F71283 /* TestMainViewController.swift in Sources */ = {isa = PBXBuildFile; fileRef = AB8623BD289E5B4200F71283 /* TestMainViewController.swift */; };
		AB8623C0289E5B4A00F71283 /* TestStoryboard.storyboard in Resources */ = {isa = PBXBuildFile; fileRef = AB8623BF289E5B4A00F71283 /* TestStoryboard.storyboard */; };
		AB8623C2289ECD8900F71283 /* TestMainTableViewCell.swift in Sources */ = {isa = PBXBuildFile; fileRef = AB8623C1289ECD8900F71283 /* TestMainTableViewCell.swift */; };
		ABE43C3628ACB0DF005C272C /* RealmManager.swift in Sources */ = {isa = PBXBuildFile; fileRef = ABE43C3528ACB0DE005C272C /* RealmManager.swift */; };
		ABE43C3828ACB0E9005C272C /* UserDefaultManager.swift in Sources */ = {isa = PBXBuildFile; fileRef = ABE43C3728ACB0E9005C272C /* UserDefaultManager.swift */; };
		ABE43C3A28ACB0F6005C272C /* RealmModel.swift in Sources */ = {isa = PBXBuildFile; fileRef = ABE43C3928ACB0F6005C272C /* RealmModel.swift */; };
		ABE43C3C28ACB244005C272C /* FuncCollection.swift in Sources */ = {isa = PBXBuildFile; fileRef = ABE43C3B28ACB244005C272C /* FuncCollection.swift */; };
		ABE51DD1289F90B2005BFB0E /* FitnessCircularGraphSwiftUIView.swift in Sources */ = {isa = PBXBuildFile; fileRef = ABE51DD0289F90B2005BFB0E /* FitnessCircularGraphSwiftUIView.swift */; };
		DD3AC80E28A645DA000D2E38 /* FitnessTestAddViewController.swift in Sources */ = {isa = PBXBuildFile; fileRef = DD3AC80D28A645DA000D2E38 /* FitnessTestAddViewController.swift */; };
		DD3AC81028A64692000D2E38 /* FitnessTestAddStoryboard.storyboard in Resources */ = {isa = PBXBuildFile; fileRef = DD3AC80F28A64692000D2E38 /* FitnessTestAddStoryboard.storyboard */; };
		DD639DD828A9628200219504 /* OnboardingViewController.swift in Sources */ = {isa = PBXBuildFile; fileRef = DD639DD728A9628200219504 /* OnboardingViewController.swift */; };
		DD639DDA28A9629100219504 /* Onboarding.storyboard in Resources */ = {isa = PBXBuildFile; fileRef = DD639DD928A9629100219504 /* Onboarding.storyboard */; };
		DD639DDE28A9C1A600219504 /* OnboardingSecondViewController.swift in Sources */ = {isa = PBXBuildFile; fileRef = DD639DDD28A9C1A600219504 /* OnboardingSecondViewController.swift */; };
		DD639DE028A9C1B300219504 /* OnboardingLastViewController.swift in Sources */ = {isa = PBXBuildFile; fileRef = DD639DDF28A9C1B300219504 /* OnboardingLastViewController.swift */; };
		DD639DE828ABFB4300219504 /* DischargeDetail.storyboard in Resources */ = {isa = PBXBuildFile; fileRef = DD639DE728ABFB4300219504 /* DischargeDetail.storyboard */; };
		DD639DEA28ABFB5800219504 /* DischargeDetailViewController.swift in Sources */ = {isa = PBXBuildFile; fileRef = DD639DE928ABFB5800219504 /* DischargeDetailViewController.swift */; };
/* End PBXBuildFile section */

/* Begin PBXFileReference section */
		325F8E0E28A3C962004ACF9E /* WorkoutListCell.swift */ = {isa = PBXFileReference; lastKnownFileType = sourcecode.swift; path = WorkoutListCell.swift; sourceTree = "<group>"; };
		325F8E1028A3F1BC004ACF9E /* UIView.swift */ = {isa = PBXFileReference; lastKnownFileType = sourcecode.swift; path = UIView.swift; sourceTree = "<group>"; };
		328AB9A928A638A000000A85 /* Profile.storyboard */ = {isa = PBXFileReference; lastKnownFileType = file.storyboard; path = Profile.storyboard; sourceTree = "<group>"; };
		328AB9AB28A638C200000A85 /* ProfileViewController.swift */ = {isa = PBXFileReference; lastKnownFileType = sourcecode.swift; path = ProfileViewController.swift; sourceTree = "<group>"; };
		328AB9AD28A63B6500000A85 /* ArmyInfoTableViewCell.swift */ = {isa = PBXFileReference; lastKnownFileType = sourcecode.swift; path = ArmyInfoTableViewCell.swift; sourceTree = "<group>"; };
		328AB9AE28A63B6500000A85 /* ArmyInfoTableViewCell.xib */ = {isa = PBXFileReference; lastKnownFileType = file.xib; path = ArmyInfoTableViewCell.xib; sourceTree = "<group>"; };
		328AB9B128A64A9700000A85 /* BodyInfoTableViewCell.swift */ = {isa = PBXFileReference; lastKnownFileType = sourcecode.swift; path = BodyInfoTableViewCell.swift; sourceTree = "<group>"; };
		328AB9B228A64A9700000A85 /* BodyInfoTableViewCell.xib */ = {isa = PBXFileReference; lastKnownFileType = file.xib; path = BodyInfoTableViewCell.xib; sourceTree = "<group>"; };
		328AB9B528A64D5A00000A85 /* GoalsTableViewCell.swift */ = {isa = PBXFileReference; lastKnownFileType = sourcecode.swift; path = GoalsTableViewCell.swift; sourceTree = "<group>"; };
		328AB9B628A64D5A00000A85 /* GoalsTableViewCell.xib */ = {isa = PBXFileReference; lastKnownFileType = file.xib; path = GoalsTableViewCell.xib; sourceTree = "<group>"; };
		328AB9B928A6A35400000A85 /* BadgeTableViewCell.swift */ = {isa = PBXFileReference; lastKnownFileType = sourcecode.swift; path = BadgeTableViewCell.swift; sourceTree = "<group>"; };
		328AB9BA28A6A35400000A85 /* BadgeTableViewCell.xib */ = {isa = PBXFileReference; lastKnownFileType = file.xib; path = BadgeTableViewCell.xib; sourceTree = "<group>"; };
		328AB9BD28A6AFB000000A85 /* BadgeCollectionViewCell.swift */ = {isa = PBXFileReference; lastKnownFileType = sourcecode.swift; path = BadgeCollectionViewCell.swift; sourceTree = "<group>"; };
		328AB9BE28A6AFB000000A85 /* BadgeCollectionViewCell.xib */ = {isa = PBXFileReference; lastKnownFileType = file.xib; path = BadgeCollectionViewCell.xib; sourceTree = "<group>"; };
		328AB9C128A80FE500000A85 /* GoalsDetail.storyboard */ = {isa = PBXFileReference; lastKnownFileType = file.storyboard; path = GoalsDetail.storyboard; sourceTree = "<group>"; };
		328AB9C328A8100D00000A85 /* GoalsDetailViewController.swift */ = {isa = PBXFileReference; lastKnownFileType = sourcecode.swift; path = GoalsDetailViewController.swift; sourceTree = "<group>"; };
		328AB9C528A81A1500000A85 /* GoalModel.swift */ = {isa = PBXFileReference; lastKnownFileType = sourcecode.swift; path = GoalModel.swift; sourceTree = "<group>"; };
		328AB9C828A8225700000A85 /* GoalsDetailCell.swift */ = {isa = PBXFileReference; lastKnownFileType = sourcecode.swift; path = GoalsDetailCell.swift; sourceTree = "<group>"; };
		328AB9CB28A8C56A00000A85 /* BadgeDetail.storyboard */ = {isa = PBXFileReference; lastKnownFileType = file.storyboard; path = BadgeDetail.storyboard; sourceTree = "<group>"; };
		328AB9CD28A8C5AB00000A85 /* BadgeDetailViewController.swift */ = {isa = PBXFileReference; lastKnownFileType = sourcecode.swift; path = BadgeDetailViewController.swift; sourceTree = "<group>"; };
		328AB9CF28A8F76200000A85 /* UIImage.swift */ = {isa = PBXFileReference; lastKnownFileType = sourcecode.swift; path = UIImage.swift; sourceTree = "<group>"; };
		328AB9D128A901CA00000A85 /* BadgeDetailInfo.storyboard */ = {isa = PBXFileReference; lastKnownFileType = file.storyboard; path = BadgeDetailInfo.storyboard; sourceTree = "<group>"; };
		328AB9D528A9021A00000A85 /* BadgeDetailInfoViewController.swift */ = {isa = PBXFileReference; lastKnownFileType = sourcecode.swift; path = BadgeDetailInfoViewController.swift; sourceTree = "<group>"; };
		32D3F1A328A558E60096FAFC /* WorkoutListEdit.storyboard */ = {isa = PBXFileReference; lastKnownFileType = file.storyboard; path = WorkoutListEdit.storyboard; sourceTree = "<group>"; };
		32D3F1A528A559880096FAFC /* WorkoutListEditViewController.swift */ = {isa = PBXFileReference; lastKnownFileType = sourcecode.swift; path = WorkoutListEditViewController.swift; sourceTree = "<group>"; };
		32D3F1A928A5728F0096FAFC /* WorkoutListEditCell.swift */ = {isa = PBXFileReference; lastKnownFileType = sourcecode.swift; path = WorkoutListEditCell.swift; sourceTree = "<group>"; };
		5BA283F844250ED5550D6F38 /* Pods-ChungSungChungSung.release.xcconfig */ = {isa = PBXFileReference; includeInIndex = 1; lastKnownFileType = text.xcconfig; name = "Pods-ChungSungChungSung.release.xcconfig"; path = "Target Support Files/Pods-ChungSungChungSung/Pods-ChungSungChungSung.release.xcconfig"; sourceTree = "<group>"; };
		75A9640423AFE1284FF168A5 /* Pods-ChungSungChungSung.debug.xcconfig */ = {isa = PBXFileReference; includeInIndex = 1; lastKnownFileType = text.xcconfig; name = "Pods-ChungSungChungSung.debug.xcconfig"; path = "Target Support Files/Pods-ChungSungChungSung/Pods-ChungSungChungSung.debug.xcconfig"; sourceTree = "<group>"; };
		790B0C4128A9189A00A3A988 /* SelectArmyViewController.swift */ = {isa = PBXFileReference; lastKnownFileType = sourcecode.swift; path = SelectArmyViewController.swift; sourceTree = "<group>"; };
		790B0C4328A91ECF00A3A988 /* SelectArmyTableViewCell.swift */ = {isa = PBXFileReference; lastKnownFileType = sourcecode.swift; path = SelectArmyTableViewCell.swift; sourceTree = "<group>"; };
		794B600028A527BB00621A27 /* WorkoutAddOneTableViewCell.xib */ = {isa = PBXFileReference; fileEncoding = 4; lastKnownFileType = file.xib; path = WorkoutAddOneTableViewCell.xib; sourceTree = "<group>"; };
		794B600128A527BB00621A27 /* TodaysWorkoutEditCell.swift */ = {isa = PBXFileReference; fileEncoding = 4; lastKnownFileType = sourcecode.swift; path = TodaysWorkoutEditCell.swift; sourceTree = "<group>"; };
		794B600228A527BB00621A27 /* WorkoutAddPlusTableViewCell.swift */ = {isa = PBXFileReference; fileEncoding = 4; lastKnownFileType = sourcecode.swift; path = WorkoutAddPlusTableViewCell.swift; sourceTree = "<group>"; };
		794B600328A527BB00621A27 /* WorkoutAddOneTableViewCell.swift */ = {isa = PBXFileReference; fileEncoding = 4; lastKnownFileType = sourcecode.swift; path = WorkoutAddOneTableViewCell.swift; sourceTree = "<group>"; };
		794B600428A527BB00621A27 /* WorkoutAddCalorieTableViewCell.swift */ = {isa = PBXFileReference; fileEncoding = 4; lastKnownFileType = sourcecode.swift; path = WorkoutAddCalorieTableViewCell.swift; sourceTree = "<group>"; };
		794B600528A527BB00621A27 /* WorkoutAddCalorieTableViewCell.xib */ = {isa = PBXFileReference; fileEncoding = 4; lastKnownFileType = file.xib; path = WorkoutAddCalorieTableViewCell.xib; sourceTree = "<group>"; };
		794B600628A527BB00621A27 /* WorkoutAdd.storyboard */ = {isa = PBXFileReference; fileEncoding = 4; lastKnownFileType = file.storyboard; path = WorkoutAdd.storyboard; sourceTree = "<group>"; };
		794B600728A527BB00621A27 /* WorkoutAddPlusTableViewCell.xib */ = {isa = PBXFileReference; fileEncoding = 4; lastKnownFileType = file.xib; path = WorkoutAddPlusTableViewCell.xib; sourceTree = "<group>"; };
		794B600828A527BB00621A27 /* WorkoutAddTwoTableViewCell.xib */ = {isa = PBXFileReference; fileEncoding = 4; lastKnownFileType = file.xib; path = WorkoutAddTwoTableViewCell.xib; sourceTree = "<group>"; };
		794B600928A527BB00621A27 /* WorkoutAddTwoTableViewCell.swift */ = {isa = PBXFileReference; fileEncoding = 4; lastKnownFileType = sourcecode.swift; path = WorkoutAddTwoTableViewCell.swift; sourceTree = "<group>"; };
		794B601428A6241200621A27 /* WorkoutPreviousViewController.swift */ = {isa = PBXFileReference; lastKnownFileType = sourcecode.swift; path = WorkoutPreviousViewController.swift; sourceTree = "<group>"; };
		794B601628A62A7400621A27 /* WorkoutPreviousTableViewCell.swift */ = {isa = PBXFileReference; lastKnownFileType = sourcecode.swift; path = WorkoutPreviousTableViewCell.swift; sourceTree = "<group>"; };
		797C370628AC01C800B6132D /* HistoryTestViewController.swift */ = {isa = PBXFileReference; lastKnownFileType = sourcecode.swift; path = HistoryTestViewController.swift; sourceTree = "<group>"; };
		797C370828AC82AF00B6132D /* AddGoalViewController.swift */ = {isa = PBXFileReference; lastKnownFileType = sourcecode.swift; path = AddGoalViewController.swift; sourceTree = "<group>"; };
		79BBF690289AB50B0003FAD8 /* ChungSungChungSung.app */ = {isa = PBXFileReference; explicitFileType = wrapper.application; includeInIndex = 0; path = ChungSungChungSung.app; sourceTree = BUILT_PRODUCTS_DIR; };
		79BBF693289AB50B0003FAD8 /* AppDelegate.swift */ = {isa = PBXFileReference; lastKnownFileType = sourcecode.swift; path = AppDelegate.swift; sourceTree = "<group>"; };
		79BBF695289AB50B0003FAD8 /* SceneDelegate.swift */ = {isa = PBXFileReference; lastKnownFileType = sourcecode.swift; path = SceneDelegate.swift; sourceTree = "<group>"; };
		79BBF697289AB50B0003FAD8 /* ViewController.swift */ = {isa = PBXFileReference; lastKnownFileType = sourcecode.swift; path = ViewController.swift; sourceTree = "<group>"; };
		79BBF69A289AB50B0003FAD8 /* Base */ = {isa = PBXFileReference; lastKnownFileType = file.storyboard; name = Base; path = Base.lproj/Main.storyboard; sourceTree = "<group>"; };
		79BBF69C289AB50D0003FAD8 /* Assets.xcassets */ = {isa = PBXFileReference; lastKnownFileType = folder.assetcatalog; path = Assets.xcassets; sourceTree = "<group>"; };
		79BBF69F289AB50D0003FAD8 /* Base */ = {isa = PBXFileReference; lastKnownFileType = file.storyboard; name = Base; path = Base.lproj/LaunchScreen.storyboard; sourceTree = "<group>"; };
		79BBF6A1289AB50D0003FAD8 /* Info.plist */ = {isa = PBXFileReference; lastKnownFileType = text.plist.xml; path = Info.plist; sourceTree = "<group>"; };
		79D0F52628ABB4510099E944 /* TodaysWorkoutEditViewController.swift */ = {isa = PBXFileReference; fileEncoding = 4; lastKnownFileType = sourcecode.swift; name = TodaysWorkoutEditViewController.swift; path = ChungSungChungSung/Workout/ViewController/TodaysWorkoutEditViewController.swift; sourceTree = SOURCE_ROOT; };
		79EB055628ABC4D200CA2A11 /* TodaysWorkoutEditViewController.swift */ = {isa = PBXFileReference; fileEncoding = 4; lastKnownFileType = sourcecode.swift; name = TodaysWorkoutEditViewController.swift; path = ChungSungChungSung/Workout/ViewController/TodaysWorkoutEditViewController.swift; sourceTree = SOURCE_ROOT; };
		79F67693289E52F100850FF0 /* TabViewController.swift */ = {isa = PBXFileReference; lastKnownFileType = sourcecode.swift; path = TabViewController.swift; sourceTree = "<group>"; };
		79F67695289E53AF00850FF0 /* MainViewController.swift */ = {isa = PBXFileReference; lastKnownFileType = sourcecode.swift; path = MainViewController.swift; sourceTree = "<group>"; };
		79F67698289E557200850FF0 /* ViewExtensioin.swift */ = {isa = PBXFileReference; lastKnownFileType = sourcecode.swift; path = ViewExtensioin.swift; sourceTree = "<group>"; };
		79F6769A289E680000850FF0 /* purposeCollectionViewCell.swift */ = {isa = PBXFileReference; lastKnownFileType = sourcecode.swift; path = purposeCollectionViewCell.swift; sourceTree = "<group>"; };
		79F6769C289EACF900850FF0 /* mealCollectionViewCell.swift */ = {isa = PBXFileReference; lastKnownFileType = sourcecode.swift; path = mealCollectionViewCell.swift; sourceTree = "<group>"; };
		79F6769F289EC65C00850FF0 /* Bar.swift */ = {isa = PBXFileReference; lastKnownFileType = sourcecode.swift; path = Bar.swift; sourceTree = "<group>"; };
		79F676C728A00A4B00850FF0 /* ColorExtension.swift */ = {isa = PBXFileReference; lastKnownFileType = sourcecode.swift; path = ColorExtension.swift; sourceTree = "<group>"; };
		79F676C928A163F300850FF0 /* UIImageExtension.swift */ = {isa = PBXFileReference; lastKnownFileType = sourcecode.swift; path = UIImageExtension.swift; sourceTree = "<group>"; };
		79F676CB28A372F800850FF0 /* MainMealViewController.swift */ = {isa = PBXFileReference; lastKnownFileType = sourcecode.swift; path = MainMealViewController.swift; sourceTree = "<group>"; };
		79F676CD28A39D0C00850FF0 /* MainMealTableViewCell.swift */ = {isa = PBXFileReference; lastKnownFileType = sourcecode.swift; path = MainMealTableViewCell.swift; sourceTree = "<group>"; };
		79F676CF28A4CBD900850FF0 /* MainCalorieViewController.swift */ = {isa = PBXFileReference; lastKnownFileType = sourcecode.swift; path = MainCalorieViewController.swift; sourceTree = "<group>"; };
		7E37333828A4CBD1008F7EFA /* TodaysWorkoutEdit.storyboard */ = {isa = PBXFileReference; lastKnownFileType = file.storyboard; path = TodaysWorkoutEdit.storyboard; sourceTree = "<group>"; };
		7E37333E28A8D18E008F7EFA /* BadgeModel.swift */ = {isa = PBXFileReference; lastKnownFileType = sourcecode.swift; path = BadgeModel.swift; sourceTree = "<group>"; };
		7E5BF64128A23A5400B6DD26 /* WorkoutModel.swift */ = {isa = PBXFileReference; lastKnownFileType = sourcecode.swift; path = WorkoutModel.swift; sourceTree = "<group>"; };
		7E5BF64328A2450900B6DD26 /* TodaysWorkoutCell.swift */ = {isa = PBXFileReference; lastKnownFileType = sourcecode.swift; path = TodaysWorkoutCell.swift; sourceTree = "<group>"; };
		7E9A47C1289D4774005B98B4 /* Workout.storyboard */ = {isa = PBXFileReference; lastKnownFileType = file.storyboard; path = Workout.storyboard; sourceTree = "<group>"; };
		7E9A47C3289D478A005B98B4 /* WorkoutViewController.swift */ = {isa = PBXFileReference; lastKnownFileType = sourcecode.swift; path = WorkoutViewController.swift; sourceTree = "<group>"; };
		7ED2F78E289E482600DAEEC9 /* WorkoutAddViewController.swift */ = {isa = PBXFileReference; lastKnownFileType = sourcecode.swift; path = WorkoutAddViewController.swift; sourceTree = "<group>"; };
		7ED2F7B6289ED9A700DAEEC9 /* DailyCalendarCell.swift */ = {isa = PBXFileReference; lastKnownFileType = sourcecode.swift; path = DailyCalendarCell.swift; sourceTree = "<group>"; };
		7ED2F7B9289EDE0E00DAEEC9 /* UIColor.swift */ = {isa = PBXFileReference; lastKnownFileType = sourcecode.swift; path = UIColor.swift; sourceTree = "<group>"; };
		AB21160E28A1308B0050E9F8 /* FitnessHistoryViewController.swift */ = {isa = PBXFileReference; lastKnownFileType = sourcecode.swift; path = FitnessHistoryViewController.swift; sourceTree = "<group>"; };
		AB21161128A4C5F20050E9F8 /* FitnessHistoryTableViewCell.swift */ = {isa = PBXFileReference; lastKnownFileType = sourcecode.swift; path = FitnessHistoryTableViewCell.swift; sourceTree = "<group>"; };
		AB460BAE28A7A32000765A1D /* BasicWorkout.swift */ = {isa = PBXFileReference; lastKnownFileType = sourcecode.swift; path = BasicWorkout.swift; sourceTree = "<group>"; };
		AB460BB028A7D96F00765A1D /* ProfileBodyInfo.storyboard */ = {isa = PBXFileReference; lastKnownFileType = file.storyboard; path = ProfileBodyInfo.storyboard; sourceTree = "<group>"; };
		AB460BB228A7D9DD00765A1D /* BodyInfoProfileViewController.swift */ = {isa = PBXFileReference; lastKnownFileType = sourcecode.swift; path = BodyInfoProfileViewController.swift; sourceTree = "<group>"; };
		AB460BB428A7E68800765A1D /* TodoListAdd.storyboard */ = {isa = PBXFileReference; lastKnownFileType = file.storyboard; path = TodoListAdd.storyboard; sourceTree = "<group>"; };
		AB460BB628A7E69C00765A1D /* TodoListAddProfileViewController.swift */ = {isa = PBXFileReference; lastKnownFileType = sourcecode.swift; path = TodoListAddProfileViewController.swift; sourceTree = "<group>"; };
		AB8623BD289E5B4200F71283 /* TestMainViewController.swift */ = {isa = PBXFileReference; lastKnownFileType = sourcecode.swift; path = TestMainViewController.swift; sourceTree = "<group>"; };
		AB8623BF289E5B4A00F71283 /* TestStoryboard.storyboard */ = {isa = PBXFileReference; lastKnownFileType = file.storyboard; path = TestStoryboard.storyboard; sourceTree = "<group>"; };
		AB8623C1289ECD8900F71283 /* TestMainTableViewCell.swift */ = {isa = PBXFileReference; lastKnownFileType = sourcecode.swift; path = TestMainTableViewCell.swift; sourceTree = "<group>"; };
		ABE43C3528ACB0DE005C272C /* RealmManager.swift */ = {isa = PBXFileReference; lastKnownFileType = sourcecode.swift; path = RealmManager.swift; sourceTree = "<group>"; };
		ABE43C3728ACB0E9005C272C /* UserDefaultManager.swift */ = {isa = PBXFileReference; lastKnownFileType = sourcecode.swift; path = UserDefaultManager.swift; sourceTree = "<group>"; };
		ABE43C3928ACB0F6005C272C /* RealmModel.swift */ = {isa = PBXFileReference; lastKnownFileType = sourcecode.swift; path = RealmModel.swift; sourceTree = "<group>"; };
		ABE43C3B28ACB244005C272C /* FuncCollection.swift */ = {isa = PBXFileReference; lastKnownFileType = sourcecode.swift; path = FuncCollection.swift; sourceTree = "<group>"; };
		ABE51DD0289F90B2005BFB0E /* FitnessCircularGraphSwiftUIView.swift */ = {isa = PBXFileReference; lastKnownFileType = sourcecode.swift; path = FitnessCircularGraphSwiftUIView.swift; sourceTree = "<group>"; };
		B180C28E5034187EE8032A64 /* Pods_ChungSungChungSung.framework */ = {isa = PBXFileReference; explicitFileType = wrapper.framework; includeInIndex = 0; path = Pods_ChungSungChungSung.framework; sourceTree = BUILT_PRODUCTS_DIR; };
		DD3AC80D28A645DA000D2E38 /* FitnessTestAddViewController.swift */ = {isa = PBXFileReference; lastKnownFileType = sourcecode.swift; path = FitnessTestAddViewController.swift; sourceTree = "<group>"; };
		DD3AC80F28A64692000D2E38 /* FitnessTestAddStoryboard.storyboard */ = {isa = PBXFileReference; lastKnownFileType = file.storyboard; path = FitnessTestAddStoryboard.storyboard; sourceTree = "<group>"; };
		DD639DD728A9628200219504 /* OnboardingViewController.swift */ = {isa = PBXFileReference; lastKnownFileType = sourcecode.swift; path = OnboardingViewController.swift; sourceTree = "<group>"; };
		DD639DD928A9629100219504 /* Onboarding.storyboard */ = {isa = PBXFileReference; lastKnownFileType = file.storyboard; path = Onboarding.storyboard; sourceTree = "<group>"; };
		DD639DDD28A9C1A600219504 /* OnboardingSecondViewController.swift */ = {isa = PBXFileReference; lastKnownFileType = sourcecode.swift; path = OnboardingSecondViewController.swift; sourceTree = "<group>"; };
		DD639DDF28A9C1B300219504 /* OnboardingLastViewController.swift */ = {isa = PBXFileReference; lastKnownFileType = sourcecode.swift; path = OnboardingLastViewController.swift; sourceTree = "<group>"; };
		DD639DE728ABFB4300219504 /* DischargeDetail.storyboard */ = {isa = PBXFileReference; lastKnownFileType = file.storyboard; path = DischargeDetail.storyboard; sourceTree = "<group>"; };
		DD639DE928ABFB5800219504 /* DischargeDetailViewController.swift */ = {isa = PBXFileReference; lastKnownFileType = sourcecode.swift; path = DischargeDetailViewController.swift; sourceTree = "<group>"; };
		E04FA59EA467D82C0CE448CA /* Pods-ChungSungChungSung.release.xcconfig */ = {isa = PBXFileReference; includeInIndex = 1; lastKnownFileType = text.xcconfig; name = "Pods-ChungSungChungSung.release.xcconfig"; path = "Target Support Files/Pods-ChungSungChungSung/Pods-ChungSungChungSung.release.xcconfig"; sourceTree = "<group>"; };
/* End PBXFileReference section */

/* Begin PBXFrameworksBuildPhase section */
		79BBF68D289AB50B0003FAD8 /* Frameworks */ = {
			isa = PBXFrameworksBuildPhase;
			buildActionMask = 2147483647;
			files = (
				2950AC38652EB8D0E2A5584F /* Pods_ChungSungChungSung.framework in Frameworks */,
			);
			runOnlyForDeploymentPostprocessing = 0;
		};
/* End PBXFrameworksBuildPhase section */

/* Begin PBXGroup section */
		01C83859EF576F214D7853FF /* Pods */ = {
			isa = PBXGroup;
			children = (
				75A9640423AFE1284FF168A5 /* Pods-ChungSungChungSung.debug.xcconfig */,
				5BA283F844250ED5550D6F38 /* Pods-ChungSungChungSung.release.xcconfig */,
			);
			path = Pods;
			sourceTree = "<group>";
		};
		328AB9C728A8220800000A85 /* GoalsDetail */ = {
			isa = PBXGroup;
			children = (
				328AB9C128A80FE500000A85 /* GoalsDetail.storyboard */,
				328AB9C828A8225700000A85 /* GoalsDetailCell.swift */,
			);
			path = GoalsDetail;
			sourceTree = "<group>";
		};
		328AB9CA28A8C55600000A85 /* BadgeDetail */ = {
			isa = PBXGroup;
			children = (
				328AB9CB28A8C56A00000A85 /* BadgeDetail.storyboard */,
				328AB9D128A901CA00000A85 /* BadgeDetailInfo.storyboard */,
			);
			path = BadgeDetail;
			sourceTree = "<group>";
		};
		32D3F1A828A572110096FAFC /* WorkoutListEdit */ = {
			isa = PBXGroup;
			children = (
				32D3F1A328A558E60096FAFC /* WorkoutListEdit.storyboard */,
				32D3F1A528A559880096FAFC /* WorkoutListEditViewController.swift */,
				32D3F1A928A5728F0096FAFC /* WorkoutListEditCell.swift */,
			);
			path = WorkoutListEdit;
			sourceTree = "<group>";
		};
		79BBF687289AB50B0003FAD8 = {
			isa = PBXGroup;
			children = (
				79BBF692289AB50B0003FAD8 /* ChungSungChungSung */,
				79BBF691289AB50B0003FAD8 /* Products */,
				01C83859EF576F214D7853FF /* Pods */,
				AA59608D73C4211B4F2A621B /* Frameworks */,
			);
			sourceTree = "<group>";
		};
		79BBF691289AB50B0003FAD8 /* Products */ = {
			isa = PBXGroup;
			children = (
				79BBF690289AB50B0003FAD8 /* ChungSungChungSung.app */,
			);
			name = Products;
			sourceTree = "<group>";
		};
		79BBF692289AB50B0003FAD8 /* ChungSungChungSung */ = {
			isa = PBXGroup;
			children = (
				ABE43C3428ACB0CD005C272C /* Manager */,
				DD639DD428A9625200219504 /* Onboarding */,
				79F67693289E52F100850FF0 /* TabViewController.swift */,
				79F67636289C2DAF00850FF0 /* Main */,
				79F67633289C2D4700850FF0 /* Workout */,
				79F67635289C2D6000850FF0 /* FitnessTest */,
				79F67634289C2D5200850FF0 /* Profile */,
				7ED2F7B8289EDDF800DAEEC9 /* Extensions */,
				7E5BF64028A23A3800B6DD26 /* Model */,
				79BBF697289AB50B0003FAD8 /* ViewController.swift */,
				79BBF693289AB50B0003FAD8 /* AppDelegate.swift */,
				79BBF695289AB50B0003FAD8 /* SceneDelegate.swift */,
				79BBF699289AB50B0003FAD8 /* Main.storyboard */,
				79BBF69C289AB50D0003FAD8 /* Assets.xcassets */,
				79BBF69E289AB50D0003FAD8 /* LaunchScreen.storyboard */,
				79BBF6A1289AB50D0003FAD8 /* Info.plist */,
			);
			path = ChungSungChungSung;
			sourceTree = "<group>";
		};
		79F67633289C2D4700850FF0 /* Workout */ = {
			isa = PBXGroup;
			children = (
				79F67638289C2F2700850FF0 /* ViewController */,
				79F6763C289C2F5000850FF0 /* View */,
			);
			path = Workout;
			sourceTree = "<group>";
		};
		79F67634289C2D5200850FF0 /* Profile */ = {
			isa = PBXGroup;
			children = (
				79F6763A289C2F2C00850FF0 /* ViewController */,
				79F6763E289C2F6000850FF0 /* View */,
			);
			path = Profile;
			sourceTree = "<group>";
		};
		79F67635289C2D6000850FF0 /* FitnessTest */ = {
			isa = PBXGroup;
			children = (
				ABE51DD0289F90B2005BFB0E /* FitnessCircularGraphSwiftUIView.swift */,
				79F67639289C2F2900850FF0 /* ViewController */,
				79F6763D289C2F5200850FF0 /* View */,
			);
			path = FitnessTest;
			sourceTree = "<group>";
		};
		79F67636289C2DAF00850FF0 /* Main */ = {
			isa = PBXGroup;
			children = (
				79F6769E289EC64E00850FF0 /* Extension */,
				79F67637289C2F1D00850FF0 /* ViewController */,
				79F6763B289C2F3E00850FF0 /* View */,
			);
			path = Main;
			sourceTree = "<group>";
		};
		79F67637289C2F1D00850FF0 /* ViewController */ = {
			isa = PBXGroup;
			children = (
				79F67695289E53AF00850FF0 /* MainViewController.swift */,
				79F676CB28A372F800850FF0 /* MainMealViewController.swift */,
				79F676CF28A4CBD900850FF0 /* MainCalorieViewController.swift */,
				790B0C4128A9189A00A3A988 /* SelectArmyViewController.swift */,
			);
			path = ViewController;
			sourceTree = "<group>";
		};
		79F67638289C2F2700850FF0 /* ViewController */ = {
			isa = PBXGroup;
			children = (
				7E9A47C3289D478A005B98B4 /* WorkoutViewController.swift */,
				7ED2F78E289E482600DAEEC9 /* WorkoutAddViewController.swift */,
				794B601428A6241200621A27 /* WorkoutPreviousViewController.swift */,
			);
			path = ViewController;
			sourceTree = "<group>";
		};
		79F67639289C2F2900850FF0 /* ViewController */ = {
			isa = PBXGroup;
			children = (
				AB8623BD289E5B4200F71283 /* TestMainViewController.swift */,
				AB8623C1289ECD8900F71283 /* TestMainTableViewCell.swift */,
				AB21160E28A1308B0050E9F8 /* FitnessHistoryViewController.swift */,
				AB21161128A4C5F20050E9F8 /* FitnessHistoryTableViewCell.swift */,
				DD3AC80D28A645DA000D2E38 /* FitnessTestAddViewController.swift */,
				797C370628AC01C800B6132D /* HistoryTestViewController.swift */,
			);
			path = ViewController;
			sourceTree = "<group>";
		};
		79F6763A289C2F2C00850FF0 /* ViewController */ = {
			isa = PBXGroup;
			children = (
				AB460BB228A7D9DD00765A1D /* BodyInfoProfileViewController.swift */,
				AB460BB628A7E69C00765A1D /* TodoListAddProfileViewController.swift */,
				328AB9AB28A638C200000A85 /* ProfileViewController.swift */,
				328AB9C328A8100D00000A85 /* GoalsDetailViewController.swift */,
				328AB9CD28A8C5AB00000A85 /* BadgeDetailViewController.swift */,
				328AB9D528A9021A00000A85 /* BadgeDetailInfoViewController.swift */,
				797C370828AC82AF00B6132D /* AddGoalViewController.swift */,
				DD639DE928ABFB5800219504 /* DischargeDetailViewController.swift */,
			);
			path = ViewController;
			sourceTree = "<group>";
		};
		79F6763B289C2F3E00850FF0 /* View */ = {
			isa = PBXGroup;
			children = (
				79F6769A289E680000850FF0 /* purposeCollectionViewCell.swift */,
				79F6769C289EACF900850FF0 /* mealCollectionViewCell.swift */,
				79F676CD28A39D0C00850FF0 /* MainMealTableViewCell.swift */,
				790B0C4328A91ECF00A3A988 /* SelectArmyTableViewCell.swift */,
			);
			path = View;
			sourceTree = "<group>";
		};
		79F6763C289C2F5000850FF0 /* View */ = {
			isa = PBXGroup;
			children = (
				79D0F52628ABB4510099E944 /* TodaysWorkoutEditViewController.swift */,
				7E37333728A4CBA1008F7EFA /* WorkoutAdd */,
				32D3F1A828A572110096FAFC /* WorkoutListEdit */,
				7E9A47C1289D4774005B98B4 /* Workout.storyboard */,
				79EB055628ABC4D200CA2A11 /* TodaysWorkoutEditViewController.swift */,
				7ED2F7B6289ED9A700DAEEC9 /* DailyCalendarCell.swift */,
				7E5BF64328A2450900B6DD26 /* TodaysWorkoutCell.swift */,
				325F8E0E28A3C962004ACF9E /* WorkoutListCell.swift */,
				7E37333828A4CBD1008F7EFA /* TodaysWorkoutEdit.storyboard */,
				794B601628A62A7400621A27 /* WorkoutPreviousTableViewCell.swift */,
			);
			path = View;
			sourceTree = "<group>";
		};
		79F6763D289C2F5200850FF0 /* View */ = {
			isa = PBXGroup;
			children = (
				AB8623BF289E5B4A00F71283 /* TestStoryboard.storyboard */,
				DD3AC80F28A64692000D2E38 /* FitnessTestAddStoryboard.storyboard */,
			);
			path = View;
			sourceTree = "<group>";
		};
		79F6763E289C2F6000850FF0 /* View */ = {
			isa = PBXGroup;
			children = (
				DD639DE628ABFB2E00219504 /* DischargeDetail */,
				AB460BB028A7D96F00765A1D /* ProfileBodyInfo.storyboard */,
				AB460BB428A7E68800765A1D /* TodoListAdd.storyboard */,
				328AB9CA28A8C55600000A85 /* BadgeDetail */,
				328AB9C728A8220800000A85 /* GoalsDetail */,
				328AB9A928A638A000000A85 /* Profile.storyboard */,
				328AB9AD28A63B6500000A85 /* ArmyInfoTableViewCell.swift */,
				328AB9AE28A63B6500000A85 /* ArmyInfoTableViewCell.xib */,
				328AB9B128A64A9700000A85 /* BodyInfoTableViewCell.swift */,
				328AB9B228A64A9700000A85 /* BodyInfoTableViewCell.xib */,
				328AB9B528A64D5A00000A85 /* GoalsTableViewCell.swift */,
				328AB9B628A64D5A00000A85 /* GoalsTableViewCell.xib */,
				328AB9B928A6A35400000A85 /* BadgeTableViewCell.swift */,
				328AB9BA28A6A35400000A85 /* BadgeTableViewCell.xib */,
				328AB9BD28A6AFB000000A85 /* BadgeCollectionViewCell.swift */,
				328AB9BE28A6AFB000000A85 /* BadgeCollectionViewCell.xib */,
			);
			path = View;
			sourceTree = "<group>";
		};
		79F6769E289EC64E00850FF0 /* Extension */ = {
			isa = PBXGroup;
			children = (
				79F67698289E557200850FF0 /* ViewExtensioin.swift */,
				79F6769F289EC65C00850FF0 /* Bar.swift */,
				79F676C728A00A4B00850FF0 /* ColorExtension.swift */,
				79F676C928A163F300850FF0 /* UIImageExtension.swift */,
			);
			path = Extension;
			sourceTree = "<group>";
		};
		7E37333728A4CBA1008F7EFA /* WorkoutAdd */ = {
			isa = PBXGroup;
			children = (
				794B600128A527BB00621A27 /* TodaysWorkoutEditCell.swift */,
				794B600628A527BB00621A27 /* WorkoutAdd.storyboard */,
				794B600428A527BB00621A27 /* WorkoutAddCalorieTableViewCell.swift */,
				794B600528A527BB00621A27 /* WorkoutAddCalorieTableViewCell.xib */,
				794B600328A527BB00621A27 /* WorkoutAddOneTableViewCell.swift */,
				794B600028A527BB00621A27 /* WorkoutAddOneTableViewCell.xib */,
				794B600228A527BB00621A27 /* WorkoutAddPlusTableViewCell.swift */,
				794B600728A527BB00621A27 /* WorkoutAddPlusTableViewCell.xib */,
				794B600928A527BB00621A27 /* WorkoutAddTwoTableViewCell.swift */,
				794B600828A527BB00621A27 /* WorkoutAddTwoTableViewCell.xib */,
			);
			path = WorkoutAdd;
			sourceTree = "<group>";
		};
		7E5BF64028A23A3800B6DD26 /* Model */ = {
			isa = PBXGroup;
			children = (
				7E5BF64128A23A5400B6DD26 /* WorkoutModel.swift */,
				AB460BAE28A7A32000765A1D /* BasicWorkout.swift */,
				328AB9C528A81A1500000A85 /* GoalModel.swift */,
				7E37333E28A8D18E008F7EFA /* BadgeModel.swift */,
				ABE43C3928ACB0F6005C272C /* RealmModel.swift */,
			);
			path = Model;
			sourceTree = "<group>";
		};
		7ED2F7B8289EDDF800DAEEC9 /* Extensions */ = {
			isa = PBXGroup;
			children = (
				7ED2F7B9289EDE0E00DAEEC9 /* UIColor.swift */,
				325F8E1028A3F1BC004ACF9E /* UIView.swift */,
				328AB9CF28A8F76200000A85 /* UIImage.swift */,
			);
			path = Extensions;
			sourceTree = "<group>";
		};
		AA59608D73C4211B4F2A621B /* Frameworks */ = {
			isa = PBXGroup;
			children = (
				B180C28E5034187EE8032A64 /* Pods_ChungSungChungSung.framework */,
			);
			name = Frameworks;
			sourceTree = "<group>";
		};
		ABE43C3428ACB0CD005C272C /* Manager */ = {
			isa = PBXGroup;
			children = (
				ABE43C3528ACB0DE005C272C /* RealmManager.swift */,
				ABE43C3728ACB0E9005C272C /* UserDefaultManager.swift */,
				ABE43C3B28ACB244005C272C /* FuncCollection.swift */,
			);
			path = Manager;
			sourceTree = "<group>";
		};
		DD639DD428A9625200219504 /* Onboarding */ = {
			isa = PBXGroup;
			children = (
				DD639DD528A9626100219504 /* ViewController */,
				DD639DD628A9626900219504 /* View */,
			);
			path = Onboarding;
			sourceTree = "<group>";
		};
		DD639DD528A9626100219504 /* ViewController */ = {
			isa = PBXGroup;
			children = (
				DD639DD728A9628200219504 /* OnboardingViewController.swift */,
				DD639DDD28A9C1A600219504 /* OnboardingSecondViewController.swift */,
				DD639DDF28A9C1B300219504 /* OnboardingLastViewController.swift */,
			);
			path = ViewController;
			sourceTree = "<group>";
		};
		DD639DD628A9626900219504 /* View */ = {
			isa = PBXGroup;
			children = (
				DD639DD928A9629100219504 /* Onboarding.storyboard */,
			);
			path = View;
			sourceTree = "<group>";
		};
		DD639DE628ABFB2E00219504 /* DischargeDetail */ = {
			isa = PBXGroup;
			children = (
				DD639DE728ABFB4300219504 /* DischargeDetail.storyboard */,
			);
			path = DischargeDetail;
			sourceTree = "<group>";
		};
/* End PBXGroup section */

/* Begin PBXNativeTarget section */
		79BBF68F289AB50B0003FAD8 /* ChungSungChungSung */ = {
			isa = PBXNativeTarget;
			buildConfigurationList = 79BBF6A4289AB50D0003FAD8 /* Build configuration list for PBXNativeTarget "ChungSungChungSung" */;
			buildPhases = (
				4C7ECECB9CB52A3E0ED8BA97 /* [CP] Check Pods Manifest.lock */,
				79BBF68C289AB50B0003FAD8 /* Sources */,
				79BBF68D289AB50B0003FAD8 /* Frameworks */,
				79BBF68E289AB50B0003FAD8 /* Resources */,
				A679CCEBD2D11227796693DC /* [CP] Embed Pods Frameworks */,
			);
			buildRules = (
			);
			dependencies = (
			);
			name = ChungSungChungSung;
			productName = ChungSungChungSung;
			productReference = 79BBF690289AB50B0003FAD8 /* ChungSungChungSung.app */;
			productType = "com.apple.product-type.application";
		};
/* End PBXNativeTarget section */

/* Begin PBXProject section */
		79BBF688289AB50B0003FAD8 /* Project object */ = {
			isa = PBXProject;
			attributes = {
				BuildIndependentTargetsInParallel = 1;
				LastSwiftUpdateCheck = 1330;
				LastUpgradeCheck = 1330;
				TargetAttributes = {
					79BBF68F289AB50B0003FAD8 = {
						CreatedOnToolsVersion = 13.3.1;
					};
				};
			};
			buildConfigurationList = 79BBF68B289AB50B0003FAD8 /* Build configuration list for PBXProject "ChungSungChungSung" */;
			compatibilityVersion = "Xcode 13.0";
			developmentRegion = en;
			hasScannedForEncodings = 0;
			knownRegions = (
				en,
				Base,
			);
			mainGroup = 79BBF687289AB50B0003FAD8;
			productRefGroup = 79BBF691289AB50B0003FAD8 /* Products */;
			projectDirPath = "";
			projectRoot = "";
			targets = (
				79BBF68F289AB50B0003FAD8 /* ChungSungChungSung */,
			);
		};
/* End PBXProject section */

/* Begin PBXResourcesBuildPhase section */
		79BBF68E289AB50B0003FAD8 /* Resources */ = {
			isa = PBXResourcesBuildPhase;
			buildActionMask = 2147483647;
			files = (
				DD3AC81028A64692000D2E38 /* FitnessTestAddStoryboard.storyboard in Resources */,
				328AB9C228A80FE500000A85 /* GoalsDetail.storyboard in Resources */,
				7E9A47C2289D4774005B98B4 /* Workout.storyboard in Resources */,
				328AB9B428A64A9700000A85 /* BodyInfoTableViewCell.xib in Resources */,
				328AB9C028A6AFB000000A85 /* BadgeCollectionViewCell.xib in Resources */,
				794B601228A527BB00621A27 /* WorkoutAddTwoTableViewCell.xib in Resources */,
				328AB9B828A64D5A00000A85 /* GoalsTableViewCell.xib in Resources */,
				79BBF6A0289AB50D0003FAD8 /* LaunchScreen.storyboard in Resources */,
				7E37333928A4CBD1008F7EFA /* TodaysWorkoutEdit.storyboard in Resources */,
				DD639DE828ABFB4300219504 /* DischargeDetail.storyboard in Resources */,
				AB460BB528A7E68800765A1D /* TodoListAdd.storyboard in Resources */,
				AB460BB128A7D96F00765A1D /* ProfileBodyInfo.storyboard in Resources */,
				794B601128A527BB00621A27 /* WorkoutAddPlusTableViewCell.xib in Resources */,
				328AB9AA28A638A000000A85 /* Profile.storyboard in Resources */,
				794B600A28A527BB00621A27 /* WorkoutAddOneTableViewCell.xib in Resources */,
				AB8623C0289E5B4A00F71283 /* TestStoryboard.storyboard in Resources */,
				794B600F28A527BB00621A27 /* WorkoutAddCalorieTableViewCell.xib in Resources */,
				328AB9B028A63B6500000A85 /* ArmyInfoTableViewCell.xib in Resources */,
				79BBF69D289AB50D0003FAD8 /* Assets.xcassets in Resources */,
				328AB9CC28A8C56A00000A85 /* BadgeDetail.storyboard in Resources */,
				328AB9BC28A6A35400000A85 /* BadgeTableViewCell.xib in Resources */,
				DD639DDA28A9629100219504 /* Onboarding.storyboard in Resources */,
				79BBF69B289AB50B0003FAD8 /* Main.storyboard in Resources */,
				32D3F1A428A558E60096FAFC /* WorkoutListEdit.storyboard in Resources */,
				794B601028A527BB00621A27 /* WorkoutAdd.storyboard in Resources */,
				328AB9D228A901CB00000A85 /* BadgeDetailInfo.storyboard in Resources */,
			);
			runOnlyForDeploymentPostprocessing = 0;
		};
/* End PBXResourcesBuildPhase section */

/* Begin PBXShellScriptBuildPhase section */
		4C7ECECB9CB52A3E0ED8BA97 /* [CP] Check Pods Manifest.lock */ = {
			isa = PBXShellScriptBuildPhase;
			buildActionMask = 2147483647;
			files = (
			);
			inputFileListPaths = (
			);
			inputPaths = (
				"${PODS_PODFILE_DIR_PATH}/Podfile.lock",
				"${PODS_ROOT}/Manifest.lock",
			);
			name = "[CP] Check Pods Manifest.lock";
			outputFileListPaths = (
			);
			outputPaths = (
				"$(DERIVED_FILE_DIR)/Pods-ChungSungChungSung-checkManifestLockResult.txt",
			);
			runOnlyForDeploymentPostprocessing = 0;
			shellPath = /bin/sh;
			shellScript = "diff \"${PODS_PODFILE_DIR_PATH}/Podfile.lock\" \"${PODS_ROOT}/Manifest.lock\" > /dev/null\nif [ $? != 0 ] ; then\n    # print error to STDERR\n    echo \"error: The sandbox is not in sync with the Podfile.lock. Run 'pod install' or update your CocoaPods installation.\" >&2\n    exit 1\nfi\n# This output is used by Xcode 'outputs' to avoid re-running this script phase.\necho \"SUCCESS\" > \"${SCRIPT_OUTPUT_FILE_0}\"\n";
			showEnvVarsInLog = 0;
		};
		A679CCEBD2D11227796693DC /* [CP] Embed Pods Frameworks */ = {
			isa = PBXShellScriptBuildPhase;
			buildActionMask = 2147483647;
			files = (
			);
			inputFileListPaths = (
				"${PODS_ROOT}/Target Support Files/Pods-ChungSungChungSung/Pods-ChungSungChungSung-frameworks-${CONFIGURATION}-input-files.xcfilelist",
			);
			name = "[CP] Embed Pods Frameworks";
			outputFileListPaths = (
				"${PODS_ROOT}/Target Support Files/Pods-ChungSungChungSung/Pods-ChungSungChungSung-frameworks-${CONFIGURATION}-output-files.xcfilelist",
			);
			runOnlyForDeploymentPostprocessing = 0;
			shellPath = /bin/sh;
			shellScript = "\"${PODS_ROOT}/Target Support Files/Pods-ChungSungChungSung/Pods-ChungSungChungSung-frameworks.sh\"\n";
			showEnvVarsInLog = 0;
		};
/* End PBXShellScriptBuildPhase section */

/* Begin PBXSourcesBuildPhase section */
		79BBF68C289AB50B0003FAD8 /* Sources */ = {
			isa = PBXSourcesBuildPhase;
			buildActionMask = 2147483647;
			files = (
				32D3F1AA28A5728F0096FAFC /* WorkoutListEditCell.swift in Sources */,
				79F67694289E52F100850FF0 /* TabViewController.swift in Sources */,
				794B601528A6241200621A27 /* WorkoutPreviousViewController.swift in Sources */,
				328AB9BF28A6AFB000000A85 /* BadgeCollectionViewCell.swift in Sources */,
				DD639DE028A9C1B300219504 /* OnboardingLastViewController.swift in Sources */,
				7E9A47C4289D478A005B98B4 /* WorkoutViewController.swift in Sources */,
				DD3AC80E28A645DA000D2E38 /* FitnessTestAddViewController.swift in Sources */,
				ABE43C3C28ACB244005C272C /* FuncCollection.swift in Sources */,
				794B600C28A527BB00621A27 /* WorkoutAddPlusTableViewCell.swift in Sources */,
				794B601728A62A7400621A27 /* WorkoutPreviousTableViewCell.swift in Sources */,
				328AB9B728A64D5A00000A85 /* GoalsTableViewCell.swift in Sources */,
				794B601728A62A7400621A27 /* WorkoutPreviousTableViewCell.swift in Sources */,
				7E5BF64228A23A5400B6DD26 /* WorkoutModel.swift in Sources */,
				DD639DEA28ABFB5800219504 /* DischargeDetailViewController.swift in Sources */,
				7ED2F7BA289EDE0E00DAEEC9 /* UIColor.swift in Sources */,
				797C370728AC01C800B6132D /* HistoryTestViewController.swift in Sources */,
				790B0C4428A91ED000A3A988 /* SelectArmyTableViewCell.swift in Sources */,
				325F8E0F28A3C962004ACF9E /* WorkoutListCell.swift in Sources */,
				7ED2F78F289E482600DAEEC9 /* WorkoutAddViewController.swift in Sources */,
				328AB9CE28A8C5AB00000A85 /* BadgeDetailViewController.swift in Sources */,
				79BBF698289AB50B0003FAD8 /* ViewController.swift in Sources */,
				79F676CE28A39D0C00850FF0 /* MainMealTableViewCell.swift in Sources */,
				790B0C4228A9189A00A3A988 /* SelectArmyViewController.swift in Sources */,
				79F676CA28A163F300850FF0 /* UIImageExtension.swift in Sources */,
				AB460BB728A7E69C00765A1D /* TodoListAddProfileViewController.swift in Sources */,
				79FA607C28AB8A4300A233AC /* WorkoutModel.swift in Sources */,
				ABE43C3A28ACB0F6005C272C /* RealmModel.swift in Sources */,
				79EB055728ABC4D200CA2A11 /* TodaysWorkoutEditViewController.swift in Sources */,
				7E37333F28A8D18E008F7EFA /* BadgeModel.swift in Sources */,
				AB21161228A4C5F20050E9F8 /* FitnessHistoryTableViewCell.swift in Sources */,
				79BBF694289AB50B0003FAD8 /* AppDelegate.swift in Sources */,
				325F8E1128A3F1BC004ACF9E /* UIView.swift in Sources */,
				328AB9D028A8F76200000A85 /* UIImage.swift in Sources */,
				328AB9B328A64A9700000A85 /* BodyInfoTableViewCell.swift in Sources */,
				7E5BF64428A2450900B6DD26 /* TodaysWorkoutCell.swift in Sources */,
				79BBF696289AB50B0003FAD8 /* SceneDelegate.swift in Sources */,
				794B600D28A527BB00621A27 /* WorkoutAddOneTableViewCell.swift in Sources */,
				79F67699289E557200850FF0 /* ViewExtensioin.swift in Sources */,
				328AB9C928A8225700000A85 /* GoalsDetailCell.swift in Sources */,
				ABE43C3828ACB0E9005C272C /* UserDefaultManager.swift in Sources */,
				79F6769D289EACF900850FF0 /* mealCollectionViewCell.swift in Sources */,
				328AB9D628A9021A00000A85 /* BadgeDetailInfoViewController.swift in Sources */,
				79F676D028A4CBD900850FF0 /* MainCalorieViewController.swift in Sources */,
				794B600E28A527BB00621A27 /* WorkoutAddCalorieTableViewCell.swift in Sources */,
				79F676CC28A372F800850FF0 /* MainMealViewController.swift in Sources */,
				79F6769B289E680000850FF0 /* purposeCollectionViewCell.swift in Sources */,
				32D3F1A628A559880096FAFC /* WorkoutListEditViewController.swift in Sources */,
				328AB9AC28A638C200000A85 /* ProfileViewController.swift in Sources */,
				79F676A0289EC65C00850FF0 /* Bar.swift in Sources */,
				794B600B28A527BB00621A27 /* TodaysWorkoutEditCell.swift in Sources */,
				AB460BAF28A7A32000765A1D /* BasicWorkout.swift in Sources */,
				DD639DDE28A9C1A600219504 /* OnboardingSecondViewController.swift in Sources */,
				79F67696289E53AF00850FF0 /* MainViewController.swift in Sources */,
				79F676C828A00A4B00850FF0 /* ColorExtension.swift in Sources */,
				DD639DD828A9628200219504 /* OnboardingViewController.swift in Sources */,
				AB8623C2289ECD8900F71283 /* TestMainTableViewCell.swift in Sources */,
				328AB9C628A81A1500000A85 /* GoalModel.swift in Sources */,
				ABE43C3628ACB0DF005C272C /* RealmManager.swift in Sources */,
				328AB9AF28A63B6500000A85 /* ArmyInfoTableViewCell.swift in Sources */,
				794B601328A527BB00621A27 /* WorkoutAddTwoTableViewCell.swift in Sources */,
				AB8623BE289E5B4200F71283 /* TestMainViewController.swift in Sources */,
				328AB9BB28A6A35400000A85 /* BadgeTableViewCell.swift in Sources */,
				ABE51DD1289F90B2005BFB0E /* FitnessCircularGraphSwiftUIView.swift in Sources */,
				328AB9C428A8100D00000A85 /* GoalsDetailViewController.swift in Sources */,
				797C370928AC82AF00B6132D /* AddGoalViewController.swift in Sources */,
				7ED2F7B7289ED9A700DAEEC9 /* DailyCalendarCell.swift in Sources */,
				AB460BB328A7D9DD00765A1D /* BodyInfoProfileViewController.swift in Sources */,
				79D0F52728ABB4510099E944 /* TodaysWorkoutEditViewController.swift in Sources */,
			);
			runOnlyForDeploymentPostprocessing = 0;
		};
/* End PBXSourcesBuildPhase section */

/* Begin PBXVariantGroup section */
		79BBF699289AB50B0003FAD8 /* Main.storyboard */ = {
			isa = PBXVariantGroup;
			children = (
				79BBF69A289AB50B0003FAD8 /* Base */,
			);
			name = Main.storyboard;
			sourceTree = "<group>";
		};
		79BBF69E289AB50D0003FAD8 /* LaunchScreen.storyboard */ = {
			isa = PBXVariantGroup;
			children = (
				79BBF69F289AB50D0003FAD8 /* Base */,
			);
			name = LaunchScreen.storyboard;
			sourceTree = "<group>";
		};
/* End PBXVariantGroup section */

/* Begin XCBuildConfiguration section */
		79BBF6A2289AB50D0003FAD8 /* Debug */ = {
			isa = XCBuildConfiguration;
			buildSettings = {
				ALWAYS_SEARCH_USER_PATHS = NO;
				CLANG_ANALYZER_NONNULL = YES;
				CLANG_ANALYZER_NUMBER_OBJECT_CONVERSION = YES_AGGRESSIVE;
				CLANG_CXX_LANGUAGE_STANDARD = "gnu++17";
				CLANG_ENABLE_MODULES = YES;
				CLANG_ENABLE_OBJC_ARC = YES;
				CLANG_ENABLE_OBJC_WEAK = YES;
				CLANG_WARN_BLOCK_CAPTURE_AUTORELEASING = YES;
				CLANG_WARN_BOOL_CONVERSION = YES;
				CLANG_WARN_COMMA = YES;
				CLANG_WARN_CONSTANT_CONVERSION = YES;
				CLANG_WARN_DEPRECATED_OBJC_IMPLEMENTATIONS = YES;
				CLANG_WARN_DIRECT_OBJC_ISA_USAGE = YES_ERROR;
				CLANG_WARN_DOCUMENTATION_COMMENTS = YES;
				CLANG_WARN_EMPTY_BODY = YES;
				CLANG_WARN_ENUM_CONVERSION = YES;
				CLANG_WARN_INFINITE_RECURSION = YES;
				CLANG_WARN_INT_CONVERSION = YES;
				CLANG_WARN_NON_LITERAL_NULL_CONVERSION = YES;
				CLANG_WARN_OBJC_IMPLICIT_RETAIN_SELF = YES;
				CLANG_WARN_OBJC_LITERAL_CONVERSION = YES;
				CLANG_WARN_OBJC_ROOT_CLASS = YES_ERROR;
				CLANG_WARN_QUOTED_INCLUDE_IN_FRAMEWORK_HEADER = YES;
				CLANG_WARN_RANGE_LOOP_ANALYSIS = YES;
				CLANG_WARN_STRICT_PROTOTYPES = YES;
				CLANG_WARN_SUSPICIOUS_MOVE = YES;
				CLANG_WARN_UNGUARDED_AVAILABILITY = YES_AGGRESSIVE;
				CLANG_WARN_UNREACHABLE_CODE = YES;
				CLANG_WARN__DUPLICATE_METHOD_MATCH = YES;
				COPY_PHASE_STRIP = NO;
				DEBUG_INFORMATION_FORMAT = dwarf;
				ENABLE_STRICT_OBJC_MSGSEND = YES;
				ENABLE_TESTABILITY = YES;
				GCC_C_LANGUAGE_STANDARD = gnu11;
				GCC_DYNAMIC_NO_PIC = NO;
				GCC_NO_COMMON_BLOCKS = YES;
				GCC_OPTIMIZATION_LEVEL = 0;
				GCC_PREPROCESSOR_DEFINITIONS = (
					"DEBUG=1",
					"$(inherited)",
				);
				GCC_WARN_64_TO_32_BIT_CONVERSION = YES;
				GCC_WARN_ABOUT_RETURN_TYPE = YES_ERROR;
				GCC_WARN_UNDECLARED_SELECTOR = YES;
				GCC_WARN_UNINITIALIZED_AUTOS = YES_AGGRESSIVE;
				GCC_WARN_UNUSED_FUNCTION = YES;
				GCC_WARN_UNUSED_VARIABLE = YES;
				IPHONEOS_DEPLOYMENT_TARGET = 15.4;
				MTL_ENABLE_DEBUG_INFO = INCLUDE_SOURCE;
				MTL_FAST_MATH = YES;
				ONLY_ACTIVE_ARCH = YES;
				SDKROOT = iphoneos;
				SWIFT_ACTIVE_COMPILATION_CONDITIONS = DEBUG;
				SWIFT_OPTIMIZATION_LEVEL = "-Onone";
			};
			name = Debug;
		};
		79BBF6A3289AB50D0003FAD8 /* Release */ = {
			isa = XCBuildConfiguration;
			buildSettings = {
				ALWAYS_SEARCH_USER_PATHS = NO;
				CLANG_ANALYZER_NONNULL = YES;
				CLANG_ANALYZER_NUMBER_OBJECT_CONVERSION = YES_AGGRESSIVE;
				CLANG_CXX_LANGUAGE_STANDARD = "gnu++17";
				CLANG_ENABLE_MODULES = YES;
				CLANG_ENABLE_OBJC_ARC = YES;
				CLANG_ENABLE_OBJC_WEAK = YES;
				CLANG_WARN_BLOCK_CAPTURE_AUTORELEASING = YES;
				CLANG_WARN_BOOL_CONVERSION = YES;
				CLANG_WARN_COMMA = YES;
				CLANG_WARN_CONSTANT_CONVERSION = YES;
				CLANG_WARN_DEPRECATED_OBJC_IMPLEMENTATIONS = YES;
				CLANG_WARN_DIRECT_OBJC_ISA_USAGE = YES_ERROR;
				CLANG_WARN_DOCUMENTATION_COMMENTS = YES;
				CLANG_WARN_EMPTY_BODY = YES;
				CLANG_WARN_ENUM_CONVERSION = YES;
				CLANG_WARN_INFINITE_RECURSION = YES;
				CLANG_WARN_INT_CONVERSION = YES;
				CLANG_WARN_NON_LITERAL_NULL_CONVERSION = YES;
				CLANG_WARN_OBJC_IMPLICIT_RETAIN_SELF = YES;
				CLANG_WARN_OBJC_LITERAL_CONVERSION = YES;
				CLANG_WARN_OBJC_ROOT_CLASS = YES_ERROR;
				CLANG_WARN_QUOTED_INCLUDE_IN_FRAMEWORK_HEADER = YES;
				CLANG_WARN_RANGE_LOOP_ANALYSIS = YES;
				CLANG_WARN_STRICT_PROTOTYPES = YES;
				CLANG_WARN_SUSPICIOUS_MOVE = YES;
				CLANG_WARN_UNGUARDED_AVAILABILITY = YES_AGGRESSIVE;
				CLANG_WARN_UNREACHABLE_CODE = YES;
				CLANG_WARN__DUPLICATE_METHOD_MATCH = YES;
				COPY_PHASE_STRIP = NO;
				DEBUG_INFORMATION_FORMAT = "dwarf-with-dsym";
				ENABLE_NS_ASSERTIONS = NO;
				ENABLE_STRICT_OBJC_MSGSEND = YES;
				GCC_C_LANGUAGE_STANDARD = gnu11;
				GCC_NO_COMMON_BLOCKS = YES;
				GCC_WARN_64_TO_32_BIT_CONVERSION = YES;
				GCC_WARN_ABOUT_RETURN_TYPE = YES_ERROR;
				GCC_WARN_UNDECLARED_SELECTOR = YES;
				GCC_WARN_UNINITIALIZED_AUTOS = YES_AGGRESSIVE;
				GCC_WARN_UNUSED_FUNCTION = YES;
				GCC_WARN_UNUSED_VARIABLE = YES;
				IPHONEOS_DEPLOYMENT_TARGET = 15.4;
				MTL_ENABLE_DEBUG_INFO = NO;
				MTL_FAST_MATH = YES;
				SDKROOT = iphoneos;
				SWIFT_COMPILATION_MODE = wholemodule;
				SWIFT_OPTIMIZATION_LEVEL = "-O";
				VALIDATE_PRODUCT = YES;
			};
			name = Release;
		};
		79BBF6A5289AB50D0003FAD8 /* Debug */ = {
			isa = XCBuildConfiguration;
			baseConfigurationReference = 75A9640423AFE1284FF168A5 /* Pods-ChungSungChungSung.debug.xcconfig */;
			buildSettings = {
				ASSETCATALOG_COMPILER_APPICON_NAME = AppIcon;
				ASSETCATALOG_COMPILER_GLOBAL_ACCENT_COLOR_NAME = AccentColor;
				CODE_SIGN_STYLE = Automatic;
				CURRENT_PROJECT_VERSION = 1;
				DEVELOPMENT_TEAM = H5PD3P95F5;
				GENERATE_INFOPLIST_FILE = YES;
				INFOPLIST_FILE = ChungSungChungSung/Info.plist;
				INFOPLIST_KEY_UIApplicationSupportsIndirectInputEvents = YES;
				INFOPLIST_KEY_UILaunchStoryboardName = LaunchScreen;
				INFOPLIST_KEY_UIMainStoryboardFile = Main;
				INFOPLIST_KEY_UISupportedInterfaceOrientations_iPad = "UIInterfaceOrientationPortrait UIInterfaceOrientationPortraitUpsideDown UIInterfaceOrientationLandscapeLeft UIInterfaceOrientationLandscapeRight";
				INFOPLIST_KEY_UISupportedInterfaceOrientations_iPhone = "UIInterfaceOrientationPortrait UIInterfaceOrientationLandscapeLeft UIInterfaceOrientationLandscapeRight";
				LD_RUNPATH_SEARCH_PATHS = (
					"$(inherited)",
					"@executable_path/Frameworks",
				);
				MARKETING_VERSION = 1.0;
				PRODUCT_BUNDLE_IDENTIFIER = kyuWorld.ChungSungChungSung;
				PRODUCT_NAME = "$(TARGET_NAME)";
				SWIFT_EMIT_LOC_STRINGS = YES;
				SWIFT_VERSION = 5.0;
				TARGETED_DEVICE_FAMILY = "1,2";
			};
			name = Debug;
		};
		79BBF6A6289AB50D0003FAD8 /* Release */ = {
			isa = XCBuildConfiguration;
			baseConfigurationReference = 5BA283F844250ED5550D6F38 /* Pods-ChungSungChungSung.release.xcconfig */;
			buildSettings = {
				ASSETCATALOG_COMPILER_APPICON_NAME = AppIcon;
				ASSETCATALOG_COMPILER_GLOBAL_ACCENT_COLOR_NAME = AccentColor;
				CODE_SIGN_STYLE = Automatic;
				CURRENT_PROJECT_VERSION = 1;
				DEVELOPMENT_TEAM = H5PD3P95F5;
				GENERATE_INFOPLIST_FILE = YES;
				INFOPLIST_FILE = ChungSungChungSung/Info.plist;
				INFOPLIST_KEY_UIApplicationSupportsIndirectInputEvents = YES;
				INFOPLIST_KEY_UILaunchStoryboardName = LaunchScreen;
				INFOPLIST_KEY_UIMainStoryboardFile = Main;
				INFOPLIST_KEY_UISupportedInterfaceOrientations_iPad = "UIInterfaceOrientationPortrait UIInterfaceOrientationPortraitUpsideDown UIInterfaceOrientationLandscapeLeft UIInterfaceOrientationLandscapeRight";
				INFOPLIST_KEY_UISupportedInterfaceOrientations_iPhone = "UIInterfaceOrientationPortrait UIInterfaceOrientationLandscapeLeft UIInterfaceOrientationLandscapeRight";
				LD_RUNPATH_SEARCH_PATHS = (
					"$(inherited)",
					"@executable_path/Frameworks",
				);
				MARKETING_VERSION = 1.0;
				PRODUCT_BUNDLE_IDENTIFIER = kyuWorld.ChungSungChungSung;
				PRODUCT_NAME = "$(TARGET_NAME)";
				SWIFT_EMIT_LOC_STRINGS = YES;
				SWIFT_VERSION = 5.0;
				TARGETED_DEVICE_FAMILY = "1,2";
			};
			name = Release;
		};
/* End XCBuildConfiguration section */

/* Begin XCConfigurationList section */
		79BBF68B289AB50B0003FAD8 /* Build configuration list for PBXProject "ChungSungChungSung" */ = {
			isa = XCConfigurationList;
			buildConfigurations = (
				79BBF6A2289AB50D0003FAD8 /* Debug */,
				79BBF6A3289AB50D0003FAD8 /* Release */,
			);
			defaultConfigurationIsVisible = 0;
			defaultConfigurationName = Release;
		};
		79BBF6A4289AB50D0003FAD8 /* Build configuration list for PBXNativeTarget "ChungSungChungSung" */ = {
			isa = XCConfigurationList;
			buildConfigurations = (
				79BBF6A5289AB50D0003FAD8 /* Debug */,
				79BBF6A6289AB50D0003FAD8 /* Release */,
			);
			defaultConfigurationIsVisible = 0;
			defaultConfigurationName = Release;
		};
/* End XCConfigurationList section */
	};
	rootObject = 79BBF688289AB50B0003FAD8 /* Project object */;
}
