PODS:
  - Charts (4.0.3):
    - Charts/Core (= 4.0.3)
  - Charts/Core (4.0.3):
    - SwiftAlgorithms (~> 1.0)
  - FSCalendar (2.8.4)
  - Realm (10.28.5):
    - Realm/Headers (= 10.28.5)
  - Realm/Headers (10.28.5)
  - RealmSwift (10.28.5):
    - Realm (= 10.28.5)
  - SwiftAlgorithms (1.0.0)

DEPENDENCIES:
  - Charts
  - FSCalendar
  - RealmSwift (~> 10)

SPEC REPOS:
  trunk:
    - Charts
    - FSCalendar
    - Realm
    - RealmSwift
    - SwiftAlgorithms

SPEC CHECKSUMS:
  Charts: d959d6723c8eedfdd0735dfc28cb0a71762ac4d9
  FSCalendar: 2d1d0d9398f12d439f55c1fe0f01525b151b8260
  Realm: eb7f6a7a8395906822e6fab71eb8496d6d52b318
  RealmSwift: 6b54904d4a236de143f3411a757641fd74e9cb3d
  SwiftAlgorithms: 38dda4731d19027fdeee1125f973111bf3386b53

PODFILE CHECKSUM: cb8fb59016f2328211fbd343087d23640fc2f251

COCOAPODS: 1.11.3
